// !$*UTF8*$!
{
	archiveVersion = 1;
	classes = {
	};
	objectVersion = 50;
	objects = {

/* Begin PBXBuildFile section */
		70211E5B21758B9E00AB5164 /* AppDelegate.swift in Sources */ = {isa = PBXBuildFile; fileRef = 70211E5A21758B9E00AB5164 /* AppDelegate.swift */; };
		70211E5D21758B9E00AB5164 /* ViewController.swift in Sources */ = {isa = PBXBuildFile; fileRef = 70211E5C21758B9E00AB5164 /* ViewController.swift */; };
		70211E6021758B9E00AB5164 /* Main.storyboard in Resources */ = {isa = PBXBuildFile; fileRef = 70211E5E21758B9E00AB5164 /* Main.storyboard */; };
		70211E6321758B9E00AB5164 /* you.xcdatamodeld in Sources */ = {isa = PBXBuildFile; fileRef = 70211E6121758B9E00AB5164 /* you.xcdatamodeld */; };
		70211E6521758B9F00AB5164 /* Assets.xcassets in Resources */ = {isa = PBXBuildFile; fileRef = 70211E6421758B9F00AB5164 /* Assets.xcassets */; };
		70211E6821758B9F00AB5164 /* LaunchScreen.storyboard in Resources */ = {isa = PBXBuildFile; fileRef = 70211E6621758B9F00AB5164 /* LaunchScreen.storyboard */; };
		70211E7321758B9F00AB5164 /* youTests.swift in Sources */ = {isa = PBXBuildFile; fileRef = 70211E7221758B9F00AB5164 /* youTests.swift */; };
/* End PBXBuildFile section */

/* Begin PBXContainerItemProxy section */
		70211E6F21758B9F00AB5164 /* PBXContainerItemProxy */ = {
			isa = PBXContainerItemProxy;
			containerPortal = 70211E4F21758B9E00AB5164 /* Project object */;
			proxyType = 1;
			remoteGlobalIDString = 70211E5621758B9E00AB5164;
			remoteInfo = you;
		};
/* End PBXContainerItemProxy section */

/* Begin PBXFileReference section */
		70211E5721758B9E00AB5164 /* you.app */ = {isa = PBXFileReference; explicitFileType = wrapper.application; includeInIndex = 0; path = you.app; sourceTree = BUILT_PRODUCTS_DIR; };
		70211E5A21758B9E00AB5164 /* AppDelegate.swift */ = {isa = PBXFileReference; lastKnownFileType = sourcecode.swift; path = AppDelegate.swift; sourceTree = "<group>"; };
		70211E5C21758B9E00AB5164 /* ViewController.swift */ = {isa = PBXFileReference; lastKnownFileType = sourcecode.swift; path = ViewController.swift; sourceTree = "<group>"; };
		70211E5F21758B9E00AB5164 /* Base */ = {isa = PBXFileReference; lastKnownFileType = file.storyboard; name = Base; path = Base.lproj/Main.storyboard; sourceTree = "<group>"; };
		70211E6221758B9E00AB5164 /* you.xcdatamodel */ = {isa = PBXFileReference; lastKnownFileType = wrapper.xcdatamodel; path = you.xcdatamodel; sourceTree = "<group>"; };
		70211E6421758B9F00AB5164 /* Assets.xcassets */ = {isa = PBXFileReference; lastKnownFileType = folder.assetcatalog; path = Assets.xcassets; sourceTree = "<group>"; };
		70211E6721758B9F00AB5164 /* Base */ = {isa = PBXFileReference; lastKnownFileType = file.storyboard; name = Base; path = Base.lproj/LaunchScreen.storyboard; sourceTree = "<group>"; };
		70211E6921758B9F00AB5164 /* Info.plist */ = {isa = PBXFileReference; lastKnownFileType = text.plist.xml; path = Info.plist; sourceTree = "<group>"; };
		70211E6E21758B9F00AB5164 /* youTests.xctest */ = {isa = PBXFileReference; explicitFileType = wrapper.cfbundle; includeInIndex = 0; path = youTests.xctest; sourceTree = BUILT_PRODUCTS_DIR; };
		70211E7221758B9F00AB5164 /* youTests.swift */ = {isa = PBXFileReference; lastKnownFileType = sourcecode.swift; path = youTests.swift; sourceTree = "<group>"; };
		70211E7421758B9F00AB5164 /* Info.plist */ = {isa = PBXFileReference; lastKnownFileType = text.plist.xml; path = Info.plist; sourceTree = "<group>"; };
/* End PBXFileReference section */

/* Begin PBXFrameworksBuildPhase section */
		70211E5421758B9E00AB5164 /* Frameworks */ = {
			isa = PBXFrameworksBuildPhase;
			buildActionMask = 2147483647;
			files = (
			);
			runOnlyForDeploymentPostprocessing = 0;
		};
		70211E6B21758B9F00AB5164 /* Frameworks */ = {
			isa = PBXFrameworksBuildPhase;
			buildActionMask = 2147483647;
			files = (
			);
			runOnlyForDeploymentPostprocessing = 0;
		};
/* End PBXFrameworksBuildPhase section */

/* Begin PBXGroup section */
		70211E4E21758B9E00AB5164 = {
			isa = PBXGroup;
			children = (
				70211E5921758B9E00AB5164 /* you */,
				70211E7121758B9F00AB5164 /* youTests */,
				70211E5821758B9E00AB5164 /* Products */,
			);
			sourceTree = "<group>";
		};
		70211E5821758B9E00AB5164 /* Products */ = {
			isa = PBXGroup;
			children = (
				70211E5721758B9E00AB5164 /* you.app */,
				70211E6E21758B9F00AB5164 /* youTests.xctest */,
			);
			name = Products;
			sourceTree = "<group>";
		};
		70211E5921758B9E00AB5164 /* you */ = {
			isa = PBXGroup;
			children = (
				70211E5A21758B9E00AB5164 /* AppDelegate.swift */,
				70211E5C21758B9E00AB5164 /* ViewController.swift */,
				70211E5E21758B9E00AB5164 /* Main.storyboard */,
				70211E6421758B9F00AB5164 /* Assets.xcassets */,
				70211E6621758B9F00AB5164 /* LaunchScreen.storyboard */,
				70211E6921758B9F00AB5164 /* Info.plist */,
				70211E6121758B9E00AB5164 /* you.xcdatamodeld */,
			);
			path = you;
			sourceTree = "<group>";
		};
		70211E7121758B9F00AB5164 /* youTests */ = {
			isa = PBXGroup;
			children = (
				70211E7221758B9F00AB5164 /* youTests.swift */,
				70211E7421758B9F00AB5164 /* Info.plist */,
			);
			path = youTests;
			sourceTree = "<group>";
		};
/* End PBXGroup section */

/* Begin PBXNativeTarget section */
		70211E5621758B9E00AB5164 /* you */ = {
			isa = PBXNativeTarget;
			buildConfigurationList = 70211E7721758B9F00AB5164 /* Build configuration list for PBXNativeTarget "you" */;
			buildPhases = (
				70211E5321758B9E00AB5164 /* Sources */,
				70211E5421758B9E00AB5164 /* Frameworks */,
				70211E5521758B9E00AB5164 /* Resources */,
			);
			buildRules = (
			);
			dependencies = (
			);
			name = you;
			productName = you;
			productReference = 70211E5721758B9E00AB5164 /* you.app */;
			productType = "com.apple.product-type.application";
		};
		70211E6D21758B9F00AB5164 /* youTests */ = {
			isa = PBXNativeTarget;
			buildConfigurationList = 70211E7A21758B9F00AB5164 /* Build configuration list for PBXNativeTarget "youTests" */;
			buildPhases = (
				70211E6A21758B9F00AB5164 /* Sources */,
				70211E6B21758B9F00AB5164 /* Frameworks */,
				70211E6C21758B9F00AB5164 /* Resources */,
			);
			buildRules = (
			);
			dependencies = (
				70211E7021758B9F00AB5164 /* PBXTargetDependency */,
			);
			name = youTests;
			productName = youTests;
			productReference = 70211E6E21758B9F00AB5164 /* youTests.xctest */;
			productType = "com.apple.product-type.bundle.unit-test";
		};
/* End PBXNativeTarget section */

/* Begin PBXProject section */
		70211E4F21758B9E00AB5164 /* Project object */ = {
			isa = PBXProject;
			attributes = {
				LastSwiftUpdateCheck = 1000;
				LastUpgradeCheck = 1000;
				ORGANIZATIONNAME = jzhou;
				TargetAttributes = {
					70211E5621758B9E00AB5164 = {
						CreatedOnToolsVersion = 10.0;
					};
					70211E6D21758B9F00AB5164 = {
						CreatedOnToolsVersion = 10.0;
						TestTargetID = 70211E5621758B9E00AB5164;
					};
				};
			};
			buildConfigurationList = 70211E5221758B9E00AB5164 /* Build configuration list for PBXProject "you" */;
			compatibilityVersion = "Xcode 9.3";
			developmentRegion = en;
			hasScannedForEncodings = 0;
			knownRegions = (
				en,
				Base,
			);
			mainGroup = 70211E4E21758B9E00AB5164;
			productRefGroup = 70211E5821758B9E00AB5164 /* Products */;
			projectDirPath = "";
			projectRoot = "";
			targets = (
				70211E5621758B9E00AB5164 /* you */,
				70211E6D21758B9F00AB5164 /* youTests */,
			);
		};
/* End PBXProject section */

/* Begin PBXResourcesBuildPhase section */
		70211E5521758B9E00AB5164 /* Resources */ = {
			isa = PBXResourcesBuildPhase;
			buildActionMask = 2147483647;
			files = (
				70211E6821758B9F00AB5164 /* LaunchScreen.storyboard in Resources */,
				70211E6521758B9F00AB5164 /* Assets.xcassets in Resources */,
				70211E6021758B9E00AB5164 /* Main.storyboard in Resources */,
			);
			runOnlyForDeploymentPostprocessing = 0;
		};
		70211E6C21758B9F00AB5164 /* Resources */ = {
			isa = PBXResourcesBuildPhase;
			buildActionMask = 2147483647;
			files = (
			);
			runOnlyForDeploymentPostprocessing = 0;
		};
/* End PBXResourcesBuildPhase section */

/* Begin PBXSourcesBuildPhase section */
		70211E5321758B9E00AB5164 /* Sources */ = {
			isa = PBXSourcesBuildPhase;
			buildActionMask = 2147483647;
			files = (
				70211E5D21758B9E00AB5164 /* ViewController.swift in Sources */,
				70211E6321758B9E00AB5164 /* you.xcdatamodeld in Sources */,
				70211E5B21758B9E00AB5164 /* AppDelegate.swift in Sources */,
			);
			runOnlyForDeploymentPostprocessing = 0;
		};
		70211E6A21758B9F00AB5164 /* Sources */ = {
			isa = PBXSourcesBuildPhase;
			buildActionMask = 2147483647;
			files = (
				70211E7321758B9F00AB5164 /* youTests.swift in Sources */,
			);
			runOnlyForDeploymentPostprocessing = 0;
		};
/* End PBXSourcesBuildPhase section */

/* Begin PBXTargetDependency section */
		70211E7021758B9F00AB5164 /* PBXTargetDependency */ = {
			isa = PBXTargetDependency;
			target = 70211E5621758B9E00AB5164 /* you */;
			targetProxy = 70211E6F21758B9F00AB5164 /* PBXContainerItemProxy */;
		};
/* End PBXTargetDependency section */

/* Begin PBXVariantGroup section */
		70211E5E21758B9E00AB5164 /* Main.storyboard */ = {
			isa = PBXVariantGroup;
			children = (
				70211E5F21758B9E00AB5164 /* Base */,
			);
			name = Main.storyboard;
			sourceTree = "<group>";
		};
		70211E6621758B9F00AB5164 /* LaunchScreen.storyboard */ = {
			isa = PBXVariantGroup;
			children = (
				70211E6721758B9F00AB5164 /* Base */,
			);
			name = LaunchScreen.storyboard;
			sourceTree = "<group>";
		};
/* End PBXVariantGroup section */

/* Begin XCBuildConfiguration section */
		70211E7521758B9F00AB5164 /* Debug */ = {
			isa = XCBuildConfiguration;
			buildSettings = {
				ALWAYS_SEARCH_USER_PATHS = NO;
				CLANG_ANALYZER_NONNULL = YES;
				CLANG_ANALYZER_NUMBER_OBJECT_CONVERSION = YES_AGGRESSIVE;
				CLANG_CXX_LANGUAGE_STANDARD = "gnu++14";
				CLANG_CXX_LIBRARY = "libc++";
				CLANG_ENABLE_MODULES = YES;
				CLANG_ENABLE_OBJC_ARC = YES;
				CLANG_ENABLE_OBJC_WEAK = YES;
				CLANG_WARN_BLOCK_CAPTURE_AUTORELEASING = YES;
				CLANG_WARN_BOOL_CONVERSION = YES;
				CLANG_WARN_COMMA = YES;
				CLANG_WARN_CONSTANT_CONVERSION = YES;
				CLANG_WARN_DEPRECATED_OBJC_IMPLEMENTATIONS = YES;
				CLANG_WARN_DIRECT_OBJC_ISA_USAGE = YES_ERROR;
				CLANG_WARN_DOCUMENTATION_COMMENTS = YES;
				CLANG_WARN_EMPTY_BODY = YES;
				CLANG_WARN_ENUM_CONVERSION = YES;
				CLANG_WARN_INFINITE_RECURSION = YES;
				CLANG_WARN_INT_CONVERSION = YES;
				CLANG_WARN_NON_LITERAL_NULL_CONVERSION = YES;
				CLANG_WARN_OBJC_IMPLICIT_RETAIN_SELF = YES;
				CLANG_WARN_OBJC_LITERAL_CONVERSION = YES;
				CLANG_WARN_OBJC_ROOT_CLASS = YES_ERROR;
				CLANG_WARN_RANGE_LOOP_ANALYSIS = YES;
				CLANG_WARN_STRICT_PROTOTYPES = YES;
				CLANG_WARN_SUSPICIOUS_MOVE = YES;
				CLANG_WARN_UNGUARDED_AVAILABILITY = YES_AGGRESSIVE;
				CLANG_WARN_UNREACHABLE_CODE = YES;
				CLANG_WARN__DUPLICATE_METHOD_MATCH = YES;
				CODE_SIGN_IDENTITY = "iPhone Developer";
				COPY_PHASE_STRIP = NO;
				DEBUG_INFORMATION_FORMAT = dwarf;
				ENABLE_STRICT_OBJC_MSGSEND = YES;
				ENABLE_TESTABILITY = YES;
				GCC_C_LANGUAGE_STANDARD = gnu11;
				GCC_DYNAMIC_NO_PIC = NO;
				GCC_NO_COMMON_BLOCKS = YES;
				GCC_OPTIMIZATION_LEVEL = 0;
				GCC_PREPROCESSOR_DEFINITIONS = (
					"DEBUG=1",
					"$(inherited)",
				);
				GCC_WARN_64_TO_32_BIT_CONVERSION = YES;
				GCC_WARN_ABOUT_RETURN_TYPE = YES_ERROR;
				GCC_WARN_UNDECLARED_SELECTOR = YES;
				GCC_WARN_UNINITIALIZED_AUTOS = YES_AGGRESSIVE;
				GCC_WARN_UNUSED_FUNCTION = YES;
				GCC_WARN_UNUSED_VARIABLE = YES;
				IPHONEOS_DEPLOYMENT_TARGET = 12.0;
				MTL_ENABLE_DEBUG_INFO = INCLUDE_SOURCE;
				MTL_FAST_MATH = YES;
				ONLY_ACTIVE_ARCH = YES;
				SDKROOT = iphoneos;
				SWIFT_ACTIVE_COMPILATION_CONDITIONS = DEBUG;
				SWIFT_OPTIMIZATION_LEVEL = "-Onone";
			};
			name = Debug;
		};
		70211E7621758B9F00AB5164 /* Release */ = {
			isa = XCBuildConfiguration;
			buildSettings = {
				ALWAYS_SEARCH_USER_PATHS = NO;
				CLANG_ANALYZER_NONNULL = YES;
				CLANG_ANALYZER_NUMBER_OBJECT_CONVERSION = YES_AGGRESSIVE;
				CLANG_CXX_LANGUAGE_STANDARD = "gnu++14";
				CLANG_CXX_LIBRARY = "libc++";
				CLANG_ENABLE_MODULES = YES;
				CLANG_ENABLE_OBJC_ARC = YES;
				CLANG_ENABLE_OBJC_WEAK = YES;
				CLANG_WARN_BLOCK_CAPTURE_AUTORELEASING = YES;
				CLANG_WARN_BOOL_CONVERSION = YES;
				CLANG_WARN_COMMA = YES;
				CLANG_WARN_CONSTANT_CONVERSION = YES;
				CLANG_WARN_DEPRECATED_OBJC_IMPLEMENTATIONS = YES;
				CLANG_WARN_DIRECT_OBJC_ISA_USAGE = YES_ERROR;
				CLANG_WARN_DOCUMENTATION_COMMENTS = YES;
				CLANG_WARN_EMPTY_BODY = YES;
				CLANG_WARN_ENUM_CONVERSION = YES;
				CLANG_WARN_INFINITE_RECURSION = YES;
				CLANG_WARN_INT_CONVERSION = YES;
				CLANG_WARN_NON_LITERAL_NULL_CONVERSION = YES;
				CLANG_WARN_OBJC_IMPLICIT_RETAIN_SELF = YES;
				CLANG_WARN_OBJC_LITERAL_CONVERSION = YES;
				CLANG_WARN_OBJC_ROOT_CLASS = YES_ERROR;
				CLANG_WARN_RANGE_LOOP_ANALYSIS = YES;
				CLANG_WARN_STRICT_PROTOTYPES = YES;
				CLANG_WARN_SUSPICIOUS_MOVE = YES;
				CLANG_WARN_UNGUARDED_AVAILABILITY = YES_AGGRESSIVE;
				CLANG_WARN_UNREACHABLE_CODE = YES;
				CLANG_WARN__DUPLICATE_METHOD_MATCH = YES;
				CODE_SIGN_IDENTITY = "iPhone Developer";
				COPY_PHASE_STRIP = NO;
				DEBUG_INFORMATION_FORMAT = "dwarf-with-dsym";
				ENABLE_NS_ASSERTIONS = NO;
				ENABLE_STRICT_OBJC_MSGSEND = YES;
				GCC_C_LANGUAGE_STANDARD = gnu11;
				GCC_NO_COMMON_BLOCKS = YES;
				GCC_WARN_64_TO_32_BIT_CONVERSION = YES;
				GCC_WARN_ABOUT_RETURN_TYPE = YES_ERROR;
				GCC_WARN_UNDECLARED_SELECTOR = YES;
				GCC_WARN_UNINITIALIZED_AUTOS = YES_AGGRESSIVE;
				GCC_WARN_UNUSED_FUNCTION = YES;
				GCC_WARN_UNUSED_VARIABLE = YES;
				IPHONEOS_DEPLOYMENT_TARGET = 12.0;
				MTL_ENABLE_DEBUG_INFO = NO;
				MTL_FAST_MATH = YES;
				SDKROOT = iphoneos;
				SWIFT_COMPILATION_MODE = wholemodule;
				SWIFT_OPTIMIZATION_LEVEL = "-O";
				VALIDATE_PRODUCT = YES;
			};
			name = Release;
		};
		70211E7821758B9F00AB5164 /* Debug */ = {
			isa = XCBuildConfiguration;
			buildSettings = {
				ASSETCATALOG_COMPILER_APPICON_NAME = AppIcon;
				CODE_SIGN_STYLE = Automatic;
				DEVELOPMENT_TEAM = 6T663Q4J9K;
				INFOPLIST_FILE = you/Info.plist;
				LD_RUNPATH_SEARCH_PATHS = (
					"$(inherited)",
					"@executable_path/Frameworks",
				);
				PRODUCT_BUNDLE_IDENTIFIER = jzhou.you;
				PRODUCT_NAME = "$(TARGET_NAME)";
				SWIFT_VERSION = 4.2;
				TARGETED_DEVICE_FAMILY = "1,2";
			};
			name = Debug;
		};
		70211E7921758B9F00AB5164 /* Release */ = {
			isa = XCBuildConfiguration;
			buildSettings = {
				ASSETCATALOG_COMPILER_APPICON_NAME = AppIcon;
				CODE_SIGN_STYLE = Automatic;
				DEVELOPMENT_TEAM = 6T663Q4J9K;
				INFOPLIST_FILE = you/Info.plist;
				LD_RUNPATH_SEARCH_PATHS = (
					"$(inherited)",
					"@executable_path/Frameworks",
				);
				PRODUCT_BUNDLE_IDENTIFIER = jzhou.you;
				PRODUCT_NAME = "$(TARGET_NAME)";
				SWIFT_VERSION = 4.2;
				TARGETED_DEVICE_FAMILY = "1,2";
			};
			name = Release;
		};
		70211E7B21758B9F00AB5164 /* Debug */ = {
			isa = XCBuildConfiguration;
			buildSettings = {
				ALWAYS_EMBED_SWIFT_STANDARD_LIBRARIES = YES;
				BUNDLE_LOADER = "$(TEST_HOST)";
				CODE_SIGN_STYLE = Automatic;
				DEVELOPMENT_TEAM = 6T663Q4J9K;
				INFOPLIST_FILE = youTests/Info.plist;
				LD_RUNPATH_SEARCH_PATHS = (
					"$(inherited)",
					"@executable_path/Frameworks",
					"@loader_path/Frameworks",
				);
				PRODUCT_BUNDLE_IDENTIFIER = jzhou.youTests;
				PRODUCT_NAME = "$(TARGET_NAME)";
				SWIFT_VERSION = 4.2;
				TARGETED_DEVICE_FAMILY = "1,2";
				TEST_HOST = "$(BUILT_PRODUCTS_DIR)/you.app/you";
			};
			name = Debug;
		};
		70211E7C21758B9F00AB5164 /* Release */ = {
			isa = XCBuildConfiguration;
			buildSettings = {
				ALWAYS_EMBED_SWIFT_STANDARD_LIBRARIES = YES;
				BUNDLE_LOADER = "$(TEST_HOST)";
				CODE_SIGN_STYLE = Automatic;
				DEVELOPMENT_TEAM = 6T663Q4J9K;
				INFOPLIST_FILE = youTests/Info.plist;
				LD_RUNPATH_SEARCH_PATHS = (
					"$(inherited)",
					"@executable_path/Frameworks",
					"@loader_path/Frameworks",
				);
				PRODUCT_BUNDLE_IDENTIFIER = jzhou.youTests;
				PRODUCT_NAME = "$(TARGET_NAME)";
				SWIFT_VERSION = 4.2;
				TARGETED_DEVICE_FAMILY = "1,2";
				TEST_HOST = "$(BUILT_PRODUCTS_DIR)/you.app/you";
			};
			name = Release;
		};
/* End XCBuildConfiguration section */

/* Begin XCConfigurationList section */
		70211E5221758B9E00AB5164 /* Build configuration list for PBXProject "you" */ = {
			isa = XCConfigurationList;
			buildConfigurations = (
				70211E7521758B9F00AB5164 /* Debug */,
				70211E7621758B9F00AB5164 /* Release */,
			);
			defaultConfigurationIsVisible = 0;
			defaultConfigurationName = Release;
		};
		70211E7721758B9F00AB5164 /* Build configuration list for PBXNativeTarget "you" */ = {
			isa = XCConfigurationList;
			buildConfigurations = (
				70211E7821758B9F00AB5164 /* Debug */,
				70211E7921758B9F00AB5164 /* Release */,
			);
			defaultConfigurationIsVisible = 0;
			defaultConfigurationName = Release;
		};
		70211E7A21758B9F00AB5164 /* Build configuration list for PBXNativeTarget "youTests" */ = {
			isa = XCConfigurationList;
			buildConfigurations = (
				70211E7B21758B9F00AB5164 /* Debug */,
				70211E7C21758B9F00AB5164 /* Release */,
			);
			defaultConfigurationIsVisible = 0;
			defaultConfigurationName = Release;
		};
/* End XCConfigurationList section */

/* Begin XCVersionGroup section */
		70211E6121758B9E00AB5164 /* you.xcdatamodeld */ = {
			isa = XCVersionGroup;
			children = (
				70211E6221758B9E00AB5164 /* you.xcdatamodel */,
			);
			currentVersion = 70211E6221758B9E00AB5164 /* you.xcdatamodel */;
			path = you.xcdatamodeld;
			sourceTree = "<group>";
			versionGroupType = wrapper.xcdatamodel;
		};
/* End XCVersionGroup section */
	};
	rootObject = 70211E4F21758B9E00AB5164 /* Project object */;
}
