// !$*UTF8*$!
{
	archiveVersion = 1;
	classes = {
	};
	objectVersion = 50;
	objects = {

/* Begin PBXBuildFile section */
		70211E5B21758B9E00AB5164 /* AppDelegate.swift in Sources */ = {isa = PBXBuildFile; fileRef = 70211E5A21758B9E00AB5164 /* AppDelegate.swift */; };
		70211E5D21758B9E00AB5164 /* BaseViewController.swift in Sources */ = {isa = PBXBuildFile; fileRef = 70211E5C21758B9E00AB5164 /* BaseViewController.swift */; };
		70211E6021758B9E00AB5164 /* Main.storyboard in Resources */ = {isa = PBXBuildFile; fileRef = 70211E5E21758B9E00AB5164 /* Main.storyboard */; };
		70211E6321758B9E00AB5164 /* you.xcdatamodeld in Sources */ = {isa = PBXBuildFile; fileRef = 70211E6121758B9E00AB5164 /* you.xcdatamodeld */; };
		70211E6521758B9F00AB5164 /* Assets.xcassets in Resources */ = {isa = PBXBuildFile; fileRef = 70211E6421758B9F00AB5164 /* Assets.xcassets */; };
		70211E6821758B9F00AB5164 /* LaunchScreen.storyboard in Resources */ = {isa = PBXBuildFile; fileRef = 70211E6621758B9F00AB5164 /* LaunchScreen.storyboard */; };
		70211E7321758B9F00AB5164 /* youTests.swift in Sources */ = {isa = PBXBuildFile; fileRef = 70211E7221758B9F00AB5164 /* youTests.swift */; };
		70211E7E2175907800AB5164 /* GoogleService-Info.plist in Resources */ = {isa = PBXBuildFile; fileRef = 70211E7D2175907800AB5164 /* GoogleService-Info.plist */; };
		70211E822175939F00AB5164 /* Login.storyboard in Resources */ = {isa = PBXBuildFile; fileRef = 70211E812175939F00AB5164 /* Login.storyboard */; };
		70211E8A21759C2A00AB5164 /* ProgressIndicator.swift in Sources */ = {isa = PBXBuildFile; fileRef = 70211E8921759C2A00AB5164 /* ProgressIndicator.swift */; };
		70211E8C21759FE700AB5164 /* CreateAccountViewController.swift in Sources */ = {isa = PBXBuildFile; fileRef = 70211E8B21759FE700AB5164 /* CreateAccountViewController.swift */; };
		70211E8E21759FFB00AB5164 /* EnableNotificationLocationViewController.swift in Sources */ = {isa = PBXBuildFile; fileRef = 70211E8D21759FFB00AB5164 /* EnableNotificationLocationViewController.swift */; };
		70211E902175A01300AB5164 /* EmailPasswordViewController.swift in Sources */ = {isa = PBXBuildFile; fileRef = 70211E8F2175A01300AB5164 /* EmailPasswordViewController.swift */; };
		70211E922175A02500AB5164 /* LoginViewController.swift in Sources */ = {isa = PBXBuildFile; fileRef = 70211E912175A02500AB5164 /* LoginViewController.swift */; };
		70211E942175AC3A00AB5164 /* UserInfoViewController.swift in Sources */ = {isa = PBXBuildFile; fileRef = 70211E932175AC3A00AB5164 /* UserInfoViewController.swift */; };
		7031938E2175ACC500BB1E74 /* CreateAccountBaseViewController.swift in Sources */ = {isa = PBXBuildFile; fileRef = 7031938D2175ACC500BB1E74 /* CreateAccountBaseViewController.swift */; };
		703193902175AD0C00BB1E74 /* UIColor+extension.swift in Sources */ = {isa = PBXBuildFile; fileRef = 7031938F2175AD0C00BB1E74 /* UIColor+extension.swift */; };
		703193922175AD2F00BB1E74 /* String+extension.swift in Sources */ = {isa = PBXBuildFile; fileRef = 703193912175AD2F00BB1E74 /* String+extension.swift */; };
		703193942175AD5D00BB1E74 /* UIViewController+extension.swift in Sources */ = {isa = PBXBuildFile; fileRef = 703193932175AD5D00BB1E74 /* UIViewController+extension.swift */; };
		703193962175AD8200BB1E74 /* UIImage+extension.swift in Sources */ = {isa = PBXBuildFile; fileRef = 703193952175AD8200BB1E74 /* UIImage+extension.swift */; };
		703193982175C8A200BB1E74 /* UITextField+extension.swift in Sources */ = {isa = PBXBuildFile; fileRef = 703193972175C8A200BB1E74 /* UITextField+extension.swift */; };
		7031939A2176D3CE00BB1E74 /* DTTextField.swift in Sources */ = {isa = PBXBuildFile; fileRef = 703193992176D3CE00BB1E74 /* DTTextField.swift */; };
		706C4E022176F03900F627DC /* ExploreViewController.swift in Sources */ = {isa = PBXBuildFile; fileRef = 706C4E012176F03900F627DC /* ExploreViewController.swift */; };
		706C4E0421778DD200F627DC /* LookForViewController.swift in Sources */ = {isa = PBXBuildFile; fileRef = 706C4E0321778DD200F627DC /* LookForViewController.swift */; };
		706C4E062177901600F627DC /* ExploreBaseViewController.swift in Sources */ = {isa = PBXBuildFile; fileRef = 706C4E052177901600F627DC /* ExploreBaseViewController.swift */; };
		706C4E082177C2AC00F627DC /* BubbleInteractiveTransition.swift in Sources */ = {isa = PBXBuildFile; fileRef = 706C4E072177C2AC00F627DC /* BubbleInteractiveTransition.swift */; };
		706C4E0B21781BE800F627DC /* ListenerTableViewCell.swift in Sources */ = {isa = PBXBuildFile; fileRef = 706C4E0A21781BE800F627DC /* ListenerTableViewCell.swift */; };
		706C4E0D21782B3F00F627DC /* ConsultantTableViewCell.swift in Sources */ = {isa = PBXBuildFile; fileRef = 706C4E0C21782B3F00F627DC /* ConsultantTableViewCell.swift */; };
		706C4E1021783BFC00F627DC /* APIManager.swift in Sources */ = {isa = PBXBuildFile; fileRef = 706C4E0F21783BFC00F627DC /* APIManager.swift */; };
		706C4E13217840F500F627DC /* SavedViewController.swift in Sources */ = {isa = PBXBuildFile; fileRef = 706C4E12217840F500F627DC /* SavedViewController.swift */; };
		706C4E162178462F00F627DC /* SavedTableViewCell.swift in Sources */ = {isa = PBXBuildFile; fileRef = 706C4E152178462F00F627DC /* SavedTableViewCell.swift */; };
		706C4E182178464300F627DC /* SavedCollectionViewCell.swift in Sources */ = {isa = PBXBuildFile; fileRef = 706C4E172178464300F627DC /* SavedCollectionViewCell.swift */; };
		706C4E3B2179165900F627DC /* DemoChatMessageSender.swift in Sources */ = {isa = PBXBuildFile; fileRef = 706C4E342179165900F627DC /* DemoChatMessageSender.swift */; };
		706C4E3C2179165900F627DC /* DemoChatItemsDecorator.swift in Sources */ = {isa = PBXBuildFile; fileRef = 706C4E352179165900F627DC /* DemoChatItemsDecorator.swift */; };
		706C4E3D2179165900F627DC /* MessagesSelectionChatViewController.swift in Sources */ = {isa = PBXBuildFile; fileRef = 706C4E362179165900F627DC /* MessagesSelectionChatViewController.swift */; };
		706C4E3E2179165900F627DC /* DemoChatDataSource.swift in Sources */ = {isa = PBXBuildFile; fileRef = 706C4E372179165900F627DC /* DemoChatDataSource.swift */; };
		706C4E3F2179165900F627DC /* AddRandomMessageChatViewController.swift in Sources */ = {isa = PBXBuildFile; fileRef = 706C4E382179165900F627DC /* AddRandomMessageChatViewController.swift */; };
		706C4E402179165900F627DC /* DemoChatViewController.swift in Sources */ = {isa = PBXBuildFile; fileRef = 706C4E392179165900F627DC /* DemoChatViewController.swift */; };
		706C4E412179165900F627DC /* DemoChatMessageFactory.swift in Sources */ = {isa = PBXBuildFile; fileRef = 706C4E3A2179165900F627DC /* DemoChatMessageFactory.swift */; };
		706C4E4A217916CC00F627DC /* ChatWithTabBarExamplesViewController.swift in Sources */ = {isa = PBXBuildFile; fileRef = 706C4E44217916CC00F627DC /* ChatWithTabBarExamplesViewController.swift */; };
		706C4E4B217916CC00F627DC /* BaseMessagesSelector.swift in Sources */ = {isa = PBXBuildFile; fileRef = 706C4E45217916CC00F627DC /* BaseMessagesSelector.swift */; };
		706C4E4C217916CC00F627DC /* ChatExamplesViewController.swift in Sources */ = {isa = PBXBuildFile; fileRef = 706C4E46217916CC00F627DC /* ChatExamplesViewController.swift */; };
		706C4E4D217916CC00F627DC /* SlidingDatasSource.swift in Sources */ = {isa = PBXBuildFile; fileRef = 706C4E47217916CC00F627DC /* SlidingDatasSource.swift */; };
		706C4E4E217916CC00F627DC /* CellsViewController.swift in Sources */ = {isa = PBXBuildFile; fileRef = 706C4E48217916CC00F627DC /* CellsViewController.swift */; };
		706C4E4F217916CC00F627DC /* MessagesSelectorProtocol.swift in Sources */ = {isa = PBXBuildFile; fileRef = 706C4E49217916CC00F627DC /* MessagesSelectorProtocol.swift */; };
		706C4E5B217917FA00F627DC /* BaseMessageCollectionViewCellAvatarStyle.swift in Sources */ = {isa = PBXBuildFile; fileRef = 706C4E59217917FA00F627DC /* BaseMessageCollectionViewCellAvatarStyle.swift */; };
		706C4E5C217917FA00F627DC /* BaseMessageHandler.swift in Sources */ = {isa = PBXBuildFile; fileRef = 706C4E5A217917FA00F627DC /* BaseMessageHandler.swift */; };
		706C4E602179180400F627DC /* DemoPhotoMessageModel.swift in Sources */ = {isa = PBXBuildFile; fileRef = 706C4E5D2179180400F627DC /* DemoPhotoMessageModel.swift */; };
		706C4E612179180400F627DC /* DemoPhotoMessageHandler.swift in Sources */ = {isa = PBXBuildFile; fileRef = 706C4E5E2179180400F627DC /* DemoPhotoMessageHandler.swift */; };
		706C4E622179180400F627DC /* DemoPhotoMessageViewModel.swift in Sources */ = {isa = PBXBuildFile; fileRef = 706C4E5F2179180400F627DC /* DemoPhotoMessageViewModel.swift */; };
		706C4E662179180E00F627DC /* SendingStatusCollectionViewCell.swift in Sources */ = {isa = PBXBuildFile; fileRef = 706C4E632179180E00F627DC /* SendingStatusCollectionViewCell.swift */; };
		706C4E672179180E00F627DC /* SendingStatusCollectionViewCell.xib in Resources */ = {isa = PBXBuildFile; fileRef = 706C4E642179180E00F627DC /* SendingStatusCollectionViewCell.xib */; };
		706C4E682179180E00F627DC /* SendingStatusPresenter.swift in Sources */ = {isa = PBXBuildFile; fileRef = 706C4E652179180E00F627DC /* SendingStatusPresenter.swift */; };
		706C4E6C2179181700F627DC /* DemoTextMessageViewModel.swift in Sources */ = {isa = PBXBuildFile; fileRef = 706C4E692179181700F627DC /* DemoTextMessageViewModel.swift */; };
		706C4E6D2179181700F627DC /* DemoTextMessageModel.swift in Sources */ = {isa = PBXBuildFile; fileRef = 706C4E6A2179181700F627DC /* DemoTextMessageModel.swift */; };
		706C4E6E2179181700F627DC /* DemoTextMessageHandler.swift in Sources */ = {isa = PBXBuildFile; fileRef = 706C4E6B2179181700F627DC /* DemoTextMessageHandler.swift */; };
		706C4E722179183500F627DC /* TimeSeparatorCollectionViewCell.swift in Sources */ = {isa = PBXBuildFile; fileRef = 706C4E6F2179183500F627DC /* TimeSeparatorCollectionViewCell.swift */; };
		706C4E732179183500F627DC /* TimeSeparatorPresenter.swift in Sources */ = {isa = PBXBuildFile; fileRef = 706C4E702179183500F627DC /* TimeSeparatorPresenter.swift */; };
		706C4E742179183500F627DC /* TimeSeparatorModel.swift in Sources */ = {isa = PBXBuildFile; fileRef = 706C4E712179183500F627DC /* TimeSeparatorModel.swift */; };
		706C4E77217A697700F627DC /* AppointmentViewController.swift in Sources */ = {isa = PBXBuildFile; fileRef = 706C4E76217A697700F627DC /* AppointmentViewController.swift */; };
		706C4E7A217A69CE00F627DC /* ProfileViewController.swift in Sources */ = {isa = PBXBuildFile; fileRef = 706C4E79217A69CE00F627DC /* ProfileViewController.swift */; };
		706C4E7D217A6A7600F627DC /* ProfileImageTableViewCell.swift in Sources */ = {isa = PBXBuildFile; fileRef = 706C4E7C217A6A7600F627DC /* ProfileImageTableViewCell.swift */; };
		706C4E7F217A6ADB00F627DC /* ProfileInfoTableViewCell.swift in Sources */ = {isa = PBXBuildFile; fileRef = 706C4E7E217A6ADB00F627DC /* ProfileInfoTableViewCell.swift */; };
		706C4E81217A7B3700F627DC /* Static.swift in Sources */ = {isa = PBXBuildFile; fileRef = 706C4E80217A7B3700F627DC /* Static.swift */; };
		707B3E1A217A85A700355C9F /* User+CoreDataClass.swift in Sources */ = {isa = PBXBuildFile; fileRef = 707B3E18217A85A700355C9F /* User+CoreDataClass.swift */; };
		707B3E1B217A85A700355C9F /* User+CoreDataProperties.swift in Sources */ = {isa = PBXBuildFile; fileRef = 707B3E19217A85A700355C9F /* User+CoreDataProperties.swift */; };
		707B3E1D217ACE1200355C9F /* LogOutTableViewCell.swift in Sources */ = {isa = PBXBuildFile; fileRef = 707B3E1C217ACE1200355C9F /* LogOutTableViewCell.swift */; };
		70C08197217BB7C700799D12 /* DateTimeManager.swift in Sources */ = {isa = PBXBuildFile; fileRef = 70C08196217BB7C700799D12 /* DateTimeManager.swift */; };
		70C08199217BC67300799D12 /* UIImageView+extension.swift in Sources */ = {isa = PBXBuildFile; fileRef = 70C08198217BC67300799D12 /* UIImageView+extension.swift */; };
		70C0819B217D7A1500799D12 /* MapKit.framework in Frameworks */ = {isa = PBXBuildFile; fileRef = 70C0819A217D7A1500799D12 /* MapKit.framework */; };
		70C081A1217DA1C400799D12 /* ChatMessageCell.swift in Sources */ = {isa = PBXBuildFile; fileRef = 70C0819E217DA1C400799D12 /* ChatMessageCell.swift */; };
		70C081A2217DA1C400799D12 /* UserCell.swift in Sources */ = {isa = PBXBuildFile; fileRef = 70C0819F217DA1C400799D12 /* UserCell.swift */; };
		70C081A3217DA1C400799D12 /* ChatInputContainerView.swift in Sources */ = {isa = PBXBuildFile; fileRef = 70C081A0217DA1C400799D12 /* ChatInputContainerView.swift */; };
		70C081A6217DA25700799D12 /* Message+CoreDataClass.swift in Sources */ = {isa = PBXBuildFile; fileRef = 70C081A4217DA25700799D12 /* Message+CoreDataClass.swift */; };
		70C081A7217DA25700799D12 /* Message+CoreDataProperties.swift in Sources */ = {isa = PBXBuildFile; fileRef = 70C081A5217DA25700799D12 /* Message+CoreDataProperties.swift */; };
		70C081AA217DA33D00799D12 /* MessagesController.swift in Sources */ = {isa = PBXBuildFile; fileRef = 70C081A8217DA33D00799D12 /* MessagesController.swift */; };
		70C081AB217DA33D00799D12 /* NewMessageController.swift in Sources */ = {isa = PBXBuildFile; fileRef = 70C081A9217DA33D00799D12 /* NewMessageController.swift */; };
		70C081AE217DA47B00799D12 /* Friend+CoreDataClass.swift in Sources */ = {isa = PBXBuildFile; fileRef = 70C081AC217DA47B00799D12 /* Friend+CoreDataClass.swift */; };
		70C081AF217DA47B00799D12 /* Friend+CoreDataProperties.swift in Sources */ = {isa = PBXBuildFile; fileRef = 70C081AD217DA47B00799D12 /* Friend+CoreDataProperties.swift */; };
		70C081B1217DA5D600799D12 /* ChatLogController.swift in Sources */ = {isa = PBXBuildFile; fileRef = 70C081B0217DA5D600799D12 /* ChatLogController.swift */; };
		70C081B4217DA9B600799D12 /* Test+CoreDataClass.swift in Sources */ = {isa = PBXBuildFile; fileRef = 70C081B2217DA9B600799D12 /* Test+CoreDataClass.swift */; };
		70C081B5217DA9B600799D12 /* Test+CoreDataProperties.swift in Sources */ = {isa = PBXBuildFile; fileRef = 70C081B3217DA9B600799D12 /* Test+CoreDataProperties.swift */; };
		70C081B7217DB02200799D12 /* MessageNavigationController.swift in Sources */ = {isa = PBXBuildFile; fileRef = 70C081B6217DB02200799D12 /* MessageNavigationController.swift */; };
		70CAE7EA217E5C68009CB41A /* SuperUser+CoreDataClass.swift in Sources */ = {isa = PBXBuildFile; fileRef = 70CAE7E8217E5C68009CB41A /* SuperUser+CoreDataClass.swift */; };
		70CAE7EB217E5C68009CB41A /* SuperUser+CoreDataProperties.swift in Sources */ = {isa = PBXBuildFile; fileRef = 70CAE7E9217E5C68009CB41A /* SuperUser+CoreDataProperties.swift */; };
		70CAE7ED217FA560009CB41A /* ForgotPasswordViewController.swift in Sources */ = {isa = PBXBuildFile; fileRef = 70CAE7EC217FA560009CB41A /* ForgotPasswordViewController.swift */; };
		70CAE7EF21801E49009CB41A /* LookForDetailViewController.swift in Sources */ = {isa = PBXBuildFile; fileRef = 70CAE7EE21801E49009CB41A /* LookForDetailViewController.swift */; };
		7CFA9985CC5E3FCAE23EACB4 /* Pods_youTests.framework in Frameworks */ = {isa = PBXBuildFile; fileRef = 6B71432DDACD7DD85E1E68F9 /* Pods_youTests.framework */; };
		D5321877ED28A9D685C90495 /* Pods_you.framework in Frameworks */ = {isa = PBXBuildFile; fileRef = 0B2C54ED58025ADE7CB13748 /* Pods_you.framework */; };
/* End PBXBuildFile section */

/* Begin PBXContainerItemProxy section */
		70211E6F21758B9F00AB5164 /* PBXContainerItemProxy */ = {
			isa = PBXContainerItemProxy;
			containerPortal = 70211E4F21758B9E00AB5164 /* Project object */;
			proxyType = 1;
			remoteGlobalIDString = 70211E5621758B9E00AB5164;
			remoteInfo = you;
		};
/* End PBXContainerItemProxy section */

/* Begin PBXFileReference section */
		0B2C54ED58025ADE7CB13748 /* Pods_you.framework */ = {isa = PBXFileReference; explicitFileType = wrapper.framework; includeInIndex = 0; path = Pods_you.framework; sourceTree = BUILT_PRODUCTS_DIR; };
		60944FF729C54466B0FFBF86 /* Pods-you.release.xcconfig */ = {isa = PBXFileReference; includeInIndex = 1; lastKnownFileType = text.xcconfig; name = "Pods-you.release.xcconfig"; path = "Pods/Target Support Files/Pods-you/Pods-you.release.xcconfig"; sourceTree = "<group>"; };
		67C85267EBE663A0CEA08F29 /* Pods-youTests.debug.xcconfig */ = {isa = PBXFileReference; includeInIndex = 1; lastKnownFileType = text.xcconfig; name = "Pods-youTests.debug.xcconfig"; path = "Pods/Target Support Files/Pods-youTests/Pods-youTests.debug.xcconfig"; sourceTree = "<group>"; };
		6B71432DDACD7DD85E1E68F9 /* Pods_youTests.framework */ = {isa = PBXFileReference; explicitFileType = wrapper.framework; includeInIndex = 0; path = Pods_youTests.framework; sourceTree = BUILT_PRODUCTS_DIR; };
		70211E5721758B9E00AB5164 /* you.app */ = {isa = PBXFileReference; explicitFileType = wrapper.application; includeInIndex = 0; path = you.app; sourceTree = BUILT_PRODUCTS_DIR; };
		70211E5A21758B9E00AB5164 /* AppDelegate.swift */ = {isa = PBXFileReference; lastKnownFileType = sourcecode.swift; path = AppDelegate.swift; sourceTree = "<group>"; };
		70211E5C21758B9E00AB5164 /* BaseViewController.swift */ = {isa = PBXFileReference; lastKnownFileType = sourcecode.swift; path = BaseViewController.swift; sourceTree = "<group>"; };
		70211E5F21758B9E00AB5164 /* Base */ = {isa = PBXFileReference; lastKnownFileType = file.storyboard; name = Base; path = Base.lproj/Main.storyboard; sourceTree = "<group>"; };
		70211E6221758B9E00AB5164 /* you.xcdatamodel */ = {isa = PBXFileReference; lastKnownFileType = wrapper.xcdatamodel; path = you.xcdatamodel; sourceTree = "<group>"; };
		70211E6421758B9F00AB5164 /* Assets.xcassets */ = {isa = PBXFileReference; lastKnownFileType = folder.assetcatalog; path = Assets.xcassets; sourceTree = "<group>"; };
		70211E6721758B9F00AB5164 /* Base */ = {isa = PBXFileReference; lastKnownFileType = file.storyboard; name = Base; path = Base.lproj/LaunchScreen.storyboard; sourceTree = "<group>"; };
		70211E6921758B9F00AB5164 /* Info.plist */ = {isa = PBXFileReference; lastKnownFileType = text.plist.xml; path = Info.plist; sourceTree = "<group>"; };
		70211E6E21758B9F00AB5164 /* youTests.xctest */ = {isa = PBXFileReference; explicitFileType = wrapper.cfbundle; includeInIndex = 0; path = youTests.xctest; sourceTree = BUILT_PRODUCTS_DIR; };
		70211E7221758B9F00AB5164 /* youTests.swift */ = {isa = PBXFileReference; lastKnownFileType = sourcecode.swift; path = youTests.swift; sourceTree = "<group>"; };
		70211E7421758B9F00AB5164 /* Info.plist */ = {isa = PBXFileReference; lastKnownFileType = text.plist.xml; path = Info.plist; sourceTree = "<group>"; };
		70211E7D2175907800AB5164 /* GoogleService-Info.plist */ = {isa = PBXFileReference; fileEncoding = 4; lastKnownFileType = text.plist.xml; path = "GoogleService-Info.plist"; sourceTree = SOURCE_ROOT; };
		70211E812175939F00AB5164 /* Login.storyboard */ = {isa = PBXFileReference; lastKnownFileType = file.storyboard; path = Login.storyboard; sourceTree = "<group>"; };
		70211E8921759C2A00AB5164 /* ProgressIndicator.swift */ = {isa = PBXFileReference; lastKnownFileType = sourcecode.swift; path = ProgressIndicator.swift; sourceTree = "<group>"; };
		70211E8B21759FE700AB5164 /* CreateAccountViewController.swift */ = {isa = PBXFileReference; lastKnownFileType = sourcecode.swift; path = CreateAccountViewController.swift; sourceTree = "<group>"; };
		70211E8D21759FFB00AB5164 /* EnableNotificationLocationViewController.swift */ = {isa = PBXFileReference; lastKnownFileType = sourcecode.swift; path = EnableNotificationLocationViewController.swift; sourceTree = "<group>"; };
		70211E8F2175A01300AB5164 /* EmailPasswordViewController.swift */ = {isa = PBXFileReference; lastKnownFileType = sourcecode.swift; path = EmailPasswordViewController.swift; sourceTree = "<group>"; };
		70211E912175A02500AB5164 /* LoginViewController.swift */ = {isa = PBXFileReference; lastKnownFileType = sourcecode.swift; path = LoginViewController.swift; sourceTree = "<group>"; };
		70211E932175AC3A00AB5164 /* UserInfoViewController.swift */ = {isa = PBXFileReference; lastKnownFileType = sourcecode.swift; path = UserInfoViewController.swift; sourceTree = "<group>"; };
		7031938D2175ACC500BB1E74 /* CreateAccountBaseViewController.swift */ = {isa = PBXFileReference; lastKnownFileType = sourcecode.swift; path = CreateAccountBaseViewController.swift; sourceTree = "<group>"; };
		7031938F2175AD0C00BB1E74 /* UIColor+extension.swift */ = {isa = PBXFileReference; lastKnownFileType = sourcecode.swift; path = "UIColor+extension.swift"; sourceTree = "<group>"; };
		703193912175AD2F00BB1E74 /* String+extension.swift */ = {isa = PBXFileReference; lastKnownFileType = sourcecode.swift; path = "String+extension.swift"; sourceTree = "<group>"; };
		703193932175AD5D00BB1E74 /* UIViewController+extension.swift */ = {isa = PBXFileReference; lastKnownFileType = sourcecode.swift; path = "UIViewController+extension.swift"; sourceTree = "<group>"; };
		703193952175AD8200BB1E74 /* UIImage+extension.swift */ = {isa = PBXFileReference; lastKnownFileType = sourcecode.swift; path = "UIImage+extension.swift"; sourceTree = "<group>"; };
		703193972175C8A200BB1E74 /* UITextField+extension.swift */ = {isa = PBXFileReference; lastKnownFileType = sourcecode.swift; path = "UITextField+extension.swift"; sourceTree = "<group>"; };
		703193992176D3CE00BB1E74 /* DTTextField.swift */ = {isa = PBXFileReference; lastKnownFileType = sourcecode.swift; path = DTTextField.swift; sourceTree = "<group>"; };
		706C4E012176F03900F627DC /* ExploreViewController.swift */ = {isa = PBXFileReference; lastKnownFileType = sourcecode.swift; path = ExploreViewController.swift; sourceTree = "<group>"; };
		706C4E0321778DD200F627DC /* LookForViewController.swift */ = {isa = PBXFileReference; lastKnownFileType = sourcecode.swift; path = LookForViewController.swift; sourceTree = "<group>"; };
		706C4E052177901600F627DC /* ExploreBaseViewController.swift */ = {isa = PBXFileReference; lastKnownFileType = sourcecode.swift; path = ExploreBaseViewController.swift; sourceTree = "<group>"; };
		706C4E072177C2AC00F627DC /* BubbleInteractiveTransition.swift */ = {isa = PBXFileReference; lastKnownFileType = sourcecode.swift; path = BubbleInteractiveTransition.swift; sourceTree = "<group>"; };
		706C4E0A21781BE800F627DC /* ListenerTableViewCell.swift */ = {isa = PBXFileReference; lastKnownFileType = sourcecode.swift; path = ListenerTableViewCell.swift; sourceTree = "<group>"; };
		706C4E0C21782B3F00F627DC /* ConsultantTableViewCell.swift */ = {isa = PBXFileReference; lastKnownFileType = sourcecode.swift; path = ConsultantTableViewCell.swift; sourceTree = "<group>"; };
		706C4E0F21783BFC00F627DC /* APIManager.swift */ = {isa = PBXFileReference; lastKnownFileType = sourcecode.swift; path = APIManager.swift; sourceTree = "<group>"; };
		706C4E12217840F500F627DC /* SavedViewController.swift */ = {isa = PBXFileReference; lastKnownFileType = sourcecode.swift; path = SavedViewController.swift; sourceTree = "<group>"; };
		706C4E152178462F00F627DC /* SavedTableViewCell.swift */ = {isa = PBXFileReference; lastKnownFileType = sourcecode.swift; path = SavedTableViewCell.swift; sourceTree = "<group>"; };
		706C4E172178464300F627DC /* SavedCollectionViewCell.swift */ = {isa = PBXFileReference; lastKnownFileType = sourcecode.swift; path = SavedCollectionViewCell.swift; sourceTree = "<group>"; };
		706C4E342179165900F627DC /* DemoChatMessageSender.swift */ = {isa = PBXFileReference; fileEncoding = 4; lastKnownFileType = sourcecode.swift; path = DemoChatMessageSender.swift; sourceTree = "<group>"; };
		706C4E352179165900F627DC /* DemoChatItemsDecorator.swift */ = {isa = PBXFileReference; fileEncoding = 4; lastKnownFileType = sourcecode.swift; path = DemoChatItemsDecorator.swift; sourceTree = "<group>"; };
		706C4E362179165900F627DC /* MessagesSelectionChatViewController.swift */ = {isa = PBXFileReference; fileEncoding = 4; lastKnownFileType = sourcecode.swift; path = MessagesSelectionChatViewController.swift; sourceTree = "<group>"; };
		706C4E372179165900F627DC /* DemoChatDataSource.swift */ = {isa = PBXFileReference; fileEncoding = 4; lastKnownFileType = sourcecode.swift; path = DemoChatDataSource.swift; sourceTree = "<group>"; };
		706C4E382179165900F627DC /* AddRandomMessageChatViewController.swift */ = {isa = PBXFileReference; fileEncoding = 4; lastKnownFileType = sourcecode.swift; path = AddRandomMessageChatViewController.swift; sourceTree = "<group>"; };
		706C4E392179165900F627DC /* DemoChatViewController.swift */ = {isa = PBXFileReference; fileEncoding = 4; lastKnownFileType = sourcecode.swift; path = DemoChatViewController.swift; sourceTree = "<group>"; };
		706C4E3A2179165900F627DC /* DemoChatMessageFactory.swift */ = {isa = PBXFileReference; fileEncoding = 4; lastKnownFileType = sourcecode.swift; path = DemoChatMessageFactory.swift; sourceTree = "<group>"; };
		706C4E44217916CC00F627DC /* ChatWithTabBarExamplesViewController.swift */ = {isa = PBXFileReference; fileEncoding = 4; lastKnownFileType = sourcecode.swift; path = ChatWithTabBarExamplesViewController.swift; sourceTree = "<group>"; };
		706C4E45217916CC00F627DC /* BaseMessagesSelector.swift */ = {isa = PBXFileReference; fileEncoding = 4; lastKnownFileType = sourcecode.swift; path = BaseMessagesSelector.swift; sourceTree = "<group>"; };
		706C4E46217916CC00F627DC /* ChatExamplesViewController.swift */ = {isa = PBXFileReference; fileEncoding = 4; lastKnownFileType = sourcecode.swift; path = ChatExamplesViewController.swift; sourceTree = "<group>"; };
		706C4E47217916CC00F627DC /* SlidingDatasSource.swift */ = {isa = PBXFileReference; fileEncoding = 4; lastKnownFileType = sourcecode.swift; path = SlidingDatasSource.swift; sourceTree = "<group>"; };
		706C4E48217916CC00F627DC /* CellsViewController.swift */ = {isa = PBXFileReference; fileEncoding = 4; lastKnownFileType = sourcecode.swift; path = CellsViewController.swift; sourceTree = "<group>"; };
		706C4E49217916CC00F627DC /* MessagesSelectorProtocol.swift */ = {isa = PBXFileReference; fileEncoding = 4; lastKnownFileType = sourcecode.swift; path = MessagesSelectorProtocol.swift; sourceTree = "<group>"; };
		706C4E59217917FA00F627DC /* BaseMessageCollectionViewCellAvatarStyle.swift */ = {isa = PBXFileReference; fileEncoding = 4; lastKnownFileType = sourcecode.swift; name = BaseMessageCollectionViewCellAvatarStyle.swift; path = you/src/Model/Message/BaseMessage/BaseMessageCollectionViewCellAvatarStyle.swift; sourceTree = SOURCE_ROOT; };
		706C4E5A217917FA00F627DC /* BaseMessageHandler.swift */ = {isa = PBXFileReference; fileEncoding = 4; lastKnownFileType = sourcecode.swift; name = BaseMessageHandler.swift; path = you/src/Model/Message/BaseMessage/BaseMessageHandler.swift; sourceTree = SOURCE_ROOT; };
		706C4E5D2179180400F627DC /* DemoPhotoMessageModel.swift */ = {isa = PBXFileReference; fileEncoding = 4; lastKnownFileType = sourcecode.swift; name = DemoPhotoMessageModel.swift; path = you/src/Model/Message/PhotoMessages/DemoPhotoMessageModel.swift; sourceTree = SOURCE_ROOT; };
		706C4E5E2179180400F627DC /* DemoPhotoMessageHandler.swift */ = {isa = PBXFileReference; fileEncoding = 4; lastKnownFileType = sourcecode.swift; name = DemoPhotoMessageHandler.swift; path = you/src/Model/Message/PhotoMessages/DemoPhotoMessageHandler.swift; sourceTree = SOURCE_ROOT; };
		706C4E5F2179180400F627DC /* DemoPhotoMessageViewModel.swift */ = {isa = PBXFileReference; fileEncoding = 4; lastKnownFileType = sourcecode.swift; name = DemoPhotoMessageViewModel.swift; path = you/src/Model/Message/PhotoMessages/DemoPhotoMessageViewModel.swift; sourceTree = SOURCE_ROOT; };
		706C4E632179180E00F627DC /* SendingStatusCollectionViewCell.swift */ = {isa = PBXFileReference; fileEncoding = 4; lastKnownFileType = sourcecode.swift; name = SendingStatusCollectionViewCell.swift; path = you/src/Model/Message/Sendingstatus/SendingStatusCollectionViewCell.swift; sourceTree = SOURCE_ROOT; };
		706C4E642179180E00F627DC /* SendingStatusCollectionViewCell.xib */ = {isa = PBXFileReference; fileEncoding = 4; lastKnownFileType = file.xib; name = SendingStatusCollectionViewCell.xib; path = you/src/Model/Message/Sendingstatus/SendingStatusCollectionViewCell.xib; sourceTree = SOURCE_ROOT; };
		706C4E652179180E00F627DC /* SendingStatusPresenter.swift */ = {isa = PBXFileReference; fileEncoding = 4; lastKnownFileType = sourcecode.swift; name = SendingStatusPresenter.swift; path = you/src/Model/Message/Sendingstatus/SendingStatusPresenter.swift; sourceTree = SOURCE_ROOT; };
		706C4E692179181700F627DC /* DemoTextMessageViewModel.swift */ = {isa = PBXFileReference; fileEncoding = 4; lastKnownFileType = sourcecode.swift; name = DemoTextMessageViewModel.swift; path = you/src/Model/Message/TextMessages/DemoTextMessageViewModel.swift; sourceTree = SOURCE_ROOT; };
		706C4E6A2179181700F627DC /* DemoTextMessageModel.swift */ = {isa = PBXFileReference; fileEncoding = 4; lastKnownFileType = sourcecode.swift; name = DemoTextMessageModel.swift; path = you/src/Model/Message/TextMessages/DemoTextMessageModel.swift; sourceTree = SOURCE_ROOT; };
		706C4E6B2179181700F627DC /* DemoTextMessageHandler.swift */ = {isa = PBXFileReference; fileEncoding = 4; lastKnownFileType = sourcecode.swift; name = DemoTextMessageHandler.swift; path = you/src/Model/Message/TextMessages/DemoTextMessageHandler.swift; sourceTree = SOURCE_ROOT; };
		706C4E6F2179183500F627DC /* TimeSeparatorCollectionViewCell.swift */ = {isa = PBXFileReference; fileEncoding = 4; lastKnownFileType = sourcecode.swift; path = TimeSeparatorCollectionViewCell.swift; sourceTree = "<group>"; };
		706C4E702179183500F627DC /* TimeSeparatorPresenter.swift */ = {isa = PBXFileReference; fileEncoding = 4; lastKnownFileType = sourcecode.swift; path = TimeSeparatorPresenter.swift; sourceTree = "<group>"; };
		706C4E712179183500F627DC /* TimeSeparatorModel.swift */ = {isa = PBXFileReference; fileEncoding = 4; lastKnownFileType = sourcecode.swift; path = TimeSeparatorModel.swift; sourceTree = "<group>"; };
		706C4E76217A697700F627DC /* AppointmentViewController.swift */ = {isa = PBXFileReference; lastKnownFileType = sourcecode.swift; path = AppointmentViewController.swift; sourceTree = "<group>"; };
		706C4E79217A69CE00F627DC /* ProfileViewController.swift */ = {isa = PBXFileReference; lastKnownFileType = sourcecode.swift; path = ProfileViewController.swift; sourceTree = "<group>"; };
		706C4E7C217A6A7600F627DC /* ProfileImageTableViewCell.swift */ = {isa = PBXFileReference; lastKnownFileType = sourcecode.swift; path = ProfileImageTableViewCell.swift; sourceTree = "<group>"; };
		706C4E7E217A6ADB00F627DC /* ProfileInfoTableViewCell.swift */ = {isa = PBXFileReference; lastKnownFileType = sourcecode.swift; path = ProfileInfoTableViewCell.swift; sourceTree = "<group>"; };
		706C4E80217A7B3700F627DC /* Static.swift */ = {isa = PBXFileReference; lastKnownFileType = sourcecode.swift; path = Static.swift; sourceTree = "<group>"; };
		707B3E18217A85A700355C9F /* User+CoreDataClass.swift */ = {isa = PBXFileReference; lastKnownFileType = sourcecode.swift; path = "User+CoreDataClass.swift"; sourceTree = "<group>"; };
		707B3E19217A85A700355C9F /* User+CoreDataProperties.swift */ = {isa = PBXFileReference; lastKnownFileType = sourcecode.swift; path = "User+CoreDataProperties.swift"; sourceTree = "<group>"; };
		707B3E1C217ACE1200355C9F /* LogOutTableViewCell.swift */ = {isa = PBXFileReference; lastKnownFileType = sourcecode.swift; path = LogOutTableViewCell.swift; sourceTree = "<group>"; };
		70C08196217BB7C700799D12 /* DateTimeManager.swift */ = {isa = PBXFileReference; lastKnownFileType = sourcecode.swift; path = DateTimeManager.swift; sourceTree = "<group>"; };
		70C08198217BC67300799D12 /* UIImageView+extension.swift */ = {isa = PBXFileReference; lastKnownFileType = sourcecode.swift; path = "UIImageView+extension.swift"; sourceTree = "<group>"; };
		70C0819A217D7A1500799D12 /* MapKit.framework */ = {isa = PBXFileReference; lastKnownFileType = wrapper.framework; name = MapKit.framework; path = System/Library/Frameworks/MapKit.framework; sourceTree = SDKROOT; };
		70C0819E217DA1C400799D12 /* ChatMessageCell.swift */ = {isa = PBXFileReference; fileEncoding = 4; lastKnownFileType = sourcecode.swift; path = ChatMessageCell.swift; sourceTree = "<group>"; };
		70C0819F217DA1C400799D12 /* UserCell.swift */ = {isa = PBXFileReference; fileEncoding = 4; lastKnownFileType = sourcecode.swift; path = UserCell.swift; sourceTree = "<group>"; };
		70C081A0217DA1C400799D12 /* ChatInputContainerView.swift */ = {isa = PBXFileReference; fileEncoding = 4; lastKnownFileType = sourcecode.swift; path = ChatInputContainerView.swift; sourceTree = "<group>"; };
		70C081A4217DA25700799D12 /* Message+CoreDataClass.swift */ = {isa = PBXFileReference; lastKnownFileType = sourcecode.swift; path = "Message+CoreDataClass.swift"; sourceTree = "<group>"; };
		70C081A5217DA25700799D12 /* Message+CoreDataProperties.swift */ = {isa = PBXFileReference; lastKnownFileType = sourcecode.swift; path = "Message+CoreDataProperties.swift"; sourceTree = "<group>"; };
		70C081A8217DA33D00799D12 /* MessagesController.swift */ = {isa = PBXFileReference; fileEncoding = 4; lastKnownFileType = sourcecode.swift; path = MessagesController.swift; sourceTree = "<group>"; };
		70C081A9217DA33D00799D12 /* NewMessageController.swift */ = {isa = PBXFileReference; fileEncoding = 4; lastKnownFileType = sourcecode.swift; path = NewMessageController.swift; sourceTree = "<group>"; };
		70C081AC217DA47B00799D12 /* Friend+CoreDataClass.swift */ = {isa = PBXFileReference; lastKnownFileType = sourcecode.swift; path = "Friend+CoreDataClass.swift"; sourceTree = "<group>"; };
		70C081AD217DA47B00799D12 /* Friend+CoreDataProperties.swift */ = {isa = PBXFileReference; lastKnownFileType = sourcecode.swift; path = "Friend+CoreDataProperties.swift"; sourceTree = "<group>"; };
		70C081B0217DA5D600799D12 /* ChatLogController.swift */ = {isa = PBXFileReference; fileEncoding = 4; lastKnownFileType = sourcecode.swift; path = ChatLogController.swift; sourceTree = "<group>"; };
		70C081B2217DA9B600799D12 /* Test+CoreDataClass.swift */ = {isa = PBXFileReference; lastKnownFileType = sourcecode.swift; path = "Test+CoreDataClass.swift"; sourceTree = "<group>"; };
		70C081B3217DA9B600799D12 /* Test+CoreDataProperties.swift */ = {isa = PBXFileReference; lastKnownFileType = sourcecode.swift; path = "Test+CoreDataProperties.swift"; sourceTree = "<group>"; };
		70C081B6217DB02200799D12 /* MessageNavigationController.swift */ = {isa = PBXFileReference; lastKnownFileType = sourcecode.swift; path = MessageNavigationController.swift; sourceTree = "<group>"; };
		70CAE7E8217E5C68009CB41A /* SuperUser+CoreDataClass.swift */ = {isa = PBXFileReference; lastKnownFileType = sourcecode.swift; path = "SuperUser+CoreDataClass.swift"; sourceTree = "<group>"; };
		70CAE7E9217E5C68009CB41A /* SuperUser+CoreDataProperties.swift */ = {isa = PBXFileReference; lastKnownFileType = sourcecode.swift; path = "SuperUser+CoreDataProperties.swift"; sourceTree = "<group>"; };
		70CAE7EC217FA560009CB41A /* ForgotPasswordViewController.swift */ = {isa = PBXFileReference; lastKnownFileType = sourcecode.swift; path = ForgotPasswordViewController.swift; sourceTree = "<group>"; };
		70CAE7EE21801E49009CB41A /* LookForDetailViewController.swift */ = {isa = PBXFileReference; lastKnownFileType = sourcecode.swift; path = LookForDetailViewController.swift; sourceTree = "<group>"; };
		723FCC6327E0C4DED3F08460 /* Pods-youTests.release.xcconfig */ = {isa = PBXFileReference; includeInIndex = 1; lastKnownFileType = text.xcconfig; name = "Pods-youTests.release.xcconfig"; path = "Pods/Target Support Files/Pods-youTests/Pods-youTests.release.xcconfig"; sourceTree = "<group>"; };
		BF258DBA5B30A030D22E9039 /* Pods-you.debug.xcconfig */ = {isa = PBXFileReference; includeInIndex = 1; lastKnownFileType = text.xcconfig; name = "Pods-you.debug.xcconfig"; path = "Pods/Target Support Files/Pods-you/Pods-you.debug.xcconfig"; sourceTree = "<group>"; };
/* End PBXFileReference section */

/* Begin PBXFrameworksBuildPhase section */
		70211E5421758B9E00AB5164 /* Frameworks */ = {
			isa = PBXFrameworksBuildPhase;
			buildActionMask = 2147483647;
			files = (
				70C0819B217D7A1500799D12 /* MapKit.framework in Frameworks */,
				D5321877ED28A9D685C90495 /* Pods_you.framework in Frameworks */,
			);
			runOnlyForDeploymentPostprocessing = 0;
		};
		70211E6B21758B9F00AB5164 /* Frameworks */ = {
			isa = PBXFrameworksBuildPhase;
			buildActionMask = 2147483647;
			files = (
				7CFA9985CC5E3FCAE23EACB4 /* Pods_youTests.framework in Frameworks */,
			);
			runOnlyForDeploymentPostprocessing = 0;
		};
/* End PBXFrameworksBuildPhase section */

/* Begin PBXGroup section */
		70211E4E21758B9E00AB5164 = {
			isa = PBXGroup;
			children = (
				70211E5921758B9E00AB5164 /* you */,
				70211E7121758B9F00AB5164 /* youTests */,
				70211E5821758B9E00AB5164 /* Products */,
				F42576FF212B180D39B1B35B /* Pods */,
				856E2EA9BDAB39A04B78BD4A /* Frameworks */,
			);
			sourceTree = "<group>";
		};
		70211E5821758B9E00AB5164 /* Products */ = {
			isa = PBXGroup;
			children = (
				70211E5721758B9E00AB5164 /* you.app */,
				70211E6E21758B9F00AB5164 /* youTests.xctest */,
			);
			name = Products;
			sourceTree = "<group>";
		};
		70211E5921758B9E00AB5164 /* you */ = {
			isa = PBXGroup;
			children = (
				706C4E0E21783BE600F627DC /* src */,
				70211E5A21758B9E00AB5164 /* AppDelegate.swift */,
				70211E5E21758B9E00AB5164 /* Main.storyboard */,
				70211E812175939F00AB5164 /* Login.storyboard */,
				70211E6421758B9F00AB5164 /* Assets.xcassets */,
				70211E6621758B9F00AB5164 /* LaunchScreen.storyboard */,
				70211E6921758B9F00AB5164 /* Info.plist */,
				70211E6121758B9E00AB5164 /* you.xcdatamodeld */,
				70211E7D2175907800AB5164 /* GoogleService-Info.plist */,
			);
			path = you;
			sourceTree = "<group>";
		};
		70211E7121758B9F00AB5164 /* youTests */ = {
			isa = PBXGroup;
			children = (
				70211E7221758B9F00AB5164 /* youTests.swift */,
				70211E7421758B9F00AB5164 /* Info.plist */,
			);
			path = youTests;
			sourceTree = "<group>";
		};
		70211E83217598B800AB5164 /* Views */ = {
			isa = PBXGroup;
			children = (
			);
			path = Views;
			sourceTree = "<group>";
		};
		70211E84217598C300AB5164 /* Utility */ = {
			isa = PBXGroup;
			children = (
				70211E8921759C2A00AB5164 /* ProgressIndicator.swift */,
				7031938F2175AD0C00BB1E74 /* UIColor+extension.swift */,
				703193912175AD2F00BB1E74 /* String+extension.swift */,
				703193932175AD5D00BB1E74 /* UIViewController+extension.swift */,
				703193952175AD8200BB1E74 /* UIImage+extension.swift */,
				703193972175C8A200BB1E74 /* UITextField+extension.swift */,
				703193992176D3CE00BB1E74 /* DTTextField.swift */,
				706C4E072177C2AC00F627DC /* BubbleInteractiveTransition.swift */,
				70C08198217BC67300799D12 /* UIImageView+extension.swift */,
			);
			path = Utility;
			sourceTree = "<group>";
		};
		70211E85217598CA00AB5164 /* Data */ = {
			isa = PBXGroup;
			children = (
				706C4E80217A7B3700F627DC /* Static.swift */,
			);
			path = Data;
			sourceTree = "<group>";
		};
		70211E86217598D000AB5164 /* Model */ = {
			isa = PBXGroup;
			children = (
				70CAE7E8217E5C68009CB41A /* SuperUser+CoreDataClass.swift */,
				70CAE7E9217E5C68009CB41A /* SuperUser+CoreDataProperties.swift */,
				70C081B2217DA9B600799D12 /* Test+CoreDataClass.swift */,
				70C081B3217DA9B600799D12 /* Test+CoreDataProperties.swift */,
				70C081AC217DA47B00799D12 /* Friend+CoreDataClass.swift */,
				70C081AD217DA47B00799D12 /* Friend+CoreDataProperties.swift */,
				70C081A4217DA25700799D12 /* Message+CoreDataClass.swift */,
				70C081A5217DA25700799D12 /* Message+CoreDataProperties.swift */,
				707B3E18217A85A700355C9F /* User+CoreDataClass.swift */,
				707B3E19217A85A700355C9F /* User+CoreDataProperties.swift */,
				706C4E222179122F00F627DC /* Message */,
			);
			path = Model;
			sourceTree = "<group>";
		};
		70211E87217598D600AB5164 /* ViewControllers */ = {
			isa = PBXGroup;
			children = (
				70C0819C217DA15B00799D12 /* SimpleMessageViewControllers */,
				70211E5C21758B9E00AB5164 /* BaseViewController.swift */,
				706C4E78217A69BF00F627DC /* ProfileViewControllers */,
				706C4E75217A696400F627DC /* AppointmentViewControllers */,
				706C4E192178FF8A00F627DC /* MessageViewControllers */,
				70211E88217598E900AB5164 /* CreateAccountViewControllers */,
				706C4E11217840CF00F627DC /* SavedViewControllers */,
				706C4E002176EFDC00F627DC /* ExploreViewControllers */,
			);
			path = ViewControllers;
			sourceTree = "<group>";
		};
		70211E88217598E900AB5164 /* CreateAccountViewControllers */ = {
			isa = PBXGroup;
			children = (
				7031938D2175ACC500BB1E74 /* CreateAccountBaseViewController.swift */,
				70211E8B21759FE700AB5164 /* CreateAccountViewController.swift */,
				70211E932175AC3A00AB5164 /* UserInfoViewController.swift */,
				70211E8F2175A01300AB5164 /* EmailPasswordViewController.swift */,
				70211E8D21759FFB00AB5164 /* EnableNotificationLocationViewController.swift */,
				70211E912175A02500AB5164 /* LoginViewController.swift */,
				70CAE7EC217FA560009CB41A /* ForgotPasswordViewController.swift */,
			);
			path = CreateAccountViewControllers;
			sourceTree = "<group>";
		};
		706C4E002176EFDC00F627DC /* ExploreViewControllers */ = {
			isa = PBXGroup;
			children = (
				706C4E0921781BAE00F627DC /* Views */,
				706C4E052177901600F627DC /* ExploreBaseViewController.swift */,
				706C4E012176F03900F627DC /* ExploreViewController.swift */,
				706C4E0321778DD200F627DC /* LookForViewController.swift */,
				70CAE7EE21801E49009CB41A /* LookForDetailViewController.swift */,
			);
			path = ExploreViewControllers;
			sourceTree = "<group>";
		};
		706C4E0921781BAE00F627DC /* Views */ = {
			isa = PBXGroup;
			children = (
				706C4E0A21781BE800F627DC /* ListenerTableViewCell.swift */,
				706C4E0C21782B3F00F627DC /* ConsultantTableViewCell.swift */,
			);
			path = Views;
			sourceTree = "<group>";
		};
		706C4E0E21783BE600F627DC /* src */ = {
			isa = PBXGroup;
			children = (
				70211E87217598D600AB5164 /* ViewControllers */,
				70211E86217598D000AB5164 /* Model */,
				70211E85217598CA00AB5164 /* Data */,
				70211E84217598C300AB5164 /* Utility */,
				70211E83217598B800AB5164 /* Views */,
				706C4E0F21783BFC00F627DC /* APIManager.swift */,
				70C08196217BB7C700799D12 /* DateTimeManager.swift */,
			);
			path = src;
			sourceTree = "<group>";
		};
		706C4E11217840CF00F627DC /* SavedViewControllers */ = {
			isa = PBXGroup;
			children = (
				706C4E142178461800F627DC /* Views */,
				706C4E12217840F500F627DC /* SavedViewController.swift */,
			);
			path = SavedViewControllers;
			sourceTree = "<group>";
		};
		706C4E142178461800F627DC /* Views */ = {
			isa = PBXGroup;
			children = (
				706C4E152178462F00F627DC /* SavedTableViewCell.swift */,
				706C4E172178464300F627DC /* SavedCollectionViewCell.swift */,
			);
			path = Views;
			sourceTree = "<group>";
		};
		706C4E192178FF8A00F627DC /* MessageViewControllers */ = {
			isa = PBXGroup;
			children = (
				706C4E43217916B700F627DC /* Others */,
				706C4E382179165900F627DC /* AddRandomMessageChatViewController.swift */,
				706C4E372179165900F627DC /* DemoChatDataSource.swift */,
				706C4E352179165900F627DC /* DemoChatItemsDecorator.swift */,
				706C4E3A2179165900F627DC /* DemoChatMessageFactory.swift */,
				706C4E342179165900F627DC /* DemoChatMessageSender.swift */,
				706C4E392179165900F627DC /* DemoChatViewController.swift */,
				706C4E362179165900F627DC /* MessagesSelectionChatViewController.swift */,
			);
			path = MessageViewControllers;
			sourceTree = "<group>";
		};
		706C4E222179122F00F627DC /* Message */ = {
			isa = PBXGroup;
			children = (
				706C4E58217917E200F627DC /* TimeSeparator */,
				706C4E57217917DA00F627DC /* TextMessage */,
				706C4E56217917D200F627DC /* SendingStatus */,
				706C4E55217917C700F627DC /* PhotoMessage */,
				706C4E42217916A500F627DC /* BaseMessage */,
			);
			path = Message;
			sourceTree = "<group>";
		};
		706C4E42217916A500F627DC /* BaseMessage */ = {
			isa = PBXGroup;
			children = (
				706C4E59217917FA00F627DC /* BaseMessageCollectionViewCellAvatarStyle.swift */,
				706C4E5A217917FA00F627DC /* BaseMessageHandler.swift */,
			);
			name = BaseMessage;
			path = "New Group";
			sourceTree = "<group>";
		};
		706C4E43217916B700F627DC /* Others */ = {
			isa = PBXGroup;
			children = (
				706C4E45217916CC00F627DC /* BaseMessagesSelector.swift */,
				706C4E48217916CC00F627DC /* CellsViewController.swift */,
				706C4E46217916CC00F627DC /* ChatExamplesViewController.swift */,
				706C4E44217916CC00F627DC /* ChatWithTabBarExamplesViewController.swift */,
				706C4E49217916CC00F627DC /* MessagesSelectorProtocol.swift */,
				706C4E47217916CC00F627DC /* SlidingDatasSource.swift */,
			);
			path = Others;
			sourceTree = "<group>";
		};
		706C4E55217917C700F627DC /* PhotoMessage */ = {
			isa = PBXGroup;
			children = (
				706C4E5E2179180400F627DC /* DemoPhotoMessageHandler.swift */,
				706C4E5D2179180400F627DC /* DemoPhotoMessageModel.swift */,
				706C4E5F2179180400F627DC /* DemoPhotoMessageViewModel.swift */,
			);
			path = PhotoMessage;
			sourceTree = "<group>";
		};
		706C4E56217917D200F627DC /* SendingStatus */ = {
			isa = PBXGroup;
			children = (
				706C4E632179180E00F627DC /* SendingStatusCollectionViewCell.swift */,
				706C4E642179180E00F627DC /* SendingStatusCollectionViewCell.xib */,
				706C4E652179180E00F627DC /* SendingStatusPresenter.swift */,
			);
			name = SendingStatus;
			path = "New Group1";
			sourceTree = "<group>";
		};
		706C4E57217917DA00F627DC /* TextMessage */ = {
			isa = PBXGroup;
			children = (
				706C4E6B2179181700F627DC /* DemoTextMessageHandler.swift */,
				706C4E6A2179181700F627DC /* DemoTextMessageModel.swift */,
				706C4E692179181700F627DC /* DemoTextMessageViewModel.swift */,
			);
			path = TextMessage;
			sourceTree = "<group>";
		};
		706C4E58217917E200F627DC /* TimeSeparator */ = {
			isa = PBXGroup;
			children = (
				706C4E6F2179183500F627DC /* TimeSeparatorCollectionViewCell.swift */,
				706C4E712179183500F627DC /* TimeSeparatorModel.swift */,
				706C4E702179183500F627DC /* TimeSeparatorPresenter.swift */,
			);
			path = TimeSeparator;
			sourceTree = "<group>";
		};
		706C4E75217A696400F627DC /* AppointmentViewControllers */ = {
			isa = PBXGroup;
			children = (
				706C4E76217A697700F627DC /* AppointmentViewController.swift */,
			);
			path = AppointmentViewControllers;
			sourceTree = "<group>";
		};
		706C4E78217A69BF00F627DC /* ProfileViewControllers */ = {
			isa = PBXGroup;
			children = (
				706C4E7B217A6A6400F627DC /* Views */,
				706C4E79217A69CE00F627DC /* ProfileViewController.swift */,
			);
			path = ProfileViewControllers;
			sourceTree = "<group>";
		};
		706C4E7B217A6A6400F627DC /* Views */ = {
			isa = PBXGroup;
			children = (
				706C4E7C217A6A7600F627DC /* ProfileImageTableViewCell.swift */,
				706C4E7E217A6ADB00F627DC /* ProfileInfoTableViewCell.swift */,
				707B3E1C217ACE1200355C9F /* LogOutTableViewCell.swift */,
			);
			path = Views;
			sourceTree = "<group>";
		};
		70C0819C217DA15B00799D12 /* SimpleMessageViewControllers */ = {
			isa = PBXGroup;
			children = (
				70C081A8217DA33D00799D12 /* MessagesController.swift */,
				70C081A9217DA33D00799D12 /* NewMessageController.swift */,
				70C081B0217DA5D600799D12 /* ChatLogController.swift */,
				70C0819D217DA16900799D12 /* Views */,
				70C081B6217DB02200799D12 /* MessageNavigationController.swift */,
			);
			path = SimpleMessageViewControllers;
			sourceTree = "<group>";
		};
		70C0819D217DA16900799D12 /* Views */ = {
			isa = PBXGroup;
			children = (
				70C081A0217DA1C400799D12 /* ChatInputContainerView.swift */,
				70C0819E217DA1C400799D12 /* ChatMessageCell.swift */,
				70C0819F217DA1C400799D12 /* UserCell.swift */,
			);
			path = Views;
			sourceTree = "<group>";
		};
		856E2EA9BDAB39A04B78BD4A /* Frameworks */ = {
			isa = PBXGroup;
			children = (
				70C0819A217D7A1500799D12 /* MapKit.framework */,
				0B2C54ED58025ADE7CB13748 /* Pods_you.framework */,
				6B71432DDACD7DD85E1E68F9 /* Pods_youTests.framework */,
			);
			name = Frameworks;
			sourceTree = "<group>";
		};
		F42576FF212B180D39B1B35B /* Pods */ = {
			isa = PBXGroup;
			children = (
				BF258DBA5B30A030D22E9039 /* Pods-you.debug.xcconfig */,
				60944FF729C54466B0FFBF86 /* Pods-you.release.xcconfig */,
				67C85267EBE663A0CEA08F29 /* Pods-youTests.debug.xcconfig */,
				723FCC6327E0C4DED3F08460 /* Pods-youTests.release.xcconfig */,
			);
			name = Pods;
			sourceTree = "<group>";
		};
/* End PBXGroup section */

/* Begin PBXNativeTarget section */
		70211E5621758B9E00AB5164 /* you */ = {
			isa = PBXNativeTarget;
			buildConfigurationList = 70211E7721758B9F00AB5164 /* Build configuration list for PBXNativeTarget "you" */;
			buildPhases = (
				7A796689BA73365C15CCB3EC /* [CP] Check Pods Manifest.lock */,
				70211E5321758B9E00AB5164 /* Sources */,
				70211E5421758B9E00AB5164 /* Frameworks */,
				70211E5521758B9E00AB5164 /* Resources */,
				BB173C97FD905D9A79AF0B49 /* [CP] Embed Pods Frameworks */,
			);
			buildRules = (
			);
			dependencies = (
			);
			name = you;
			productName = you;
			productReference = 70211E5721758B9E00AB5164 /* you.app */;
			productType = "com.apple.product-type.application";
		};
		70211E6D21758B9F00AB5164 /* youTests */ = {
			isa = PBXNativeTarget;
			buildConfigurationList = 70211E7A21758B9F00AB5164 /* Build configuration list for PBXNativeTarget "youTests" */;
			buildPhases = (
				B07FDA2781BDD9997A89B0D7 /* [CP] Check Pods Manifest.lock */,
				70211E6A21758B9F00AB5164 /* Sources */,
				70211E6B21758B9F00AB5164 /* Frameworks */,
				70211E6C21758B9F00AB5164 /* Resources */,
			);
			buildRules = (
			);
			dependencies = (
				70211E7021758B9F00AB5164 /* PBXTargetDependency */,
			);
			name = youTests;
			productName = youTests;
			productReference = 70211E6E21758B9F00AB5164 /* youTests.xctest */;
			productType = "com.apple.product-type.bundle.unit-test";
		};
/* End PBXNativeTarget section */

/* Begin PBXProject section */
		70211E4F21758B9E00AB5164 /* Project object */ = {
			isa = PBXProject;
			attributes = {
				LastSwiftUpdateCheck = 1000;
				LastUpgradeCheck = 1000;
				ORGANIZATIONNAME = jzhou;
				TargetAttributes = {
					70211E5621758B9E00AB5164 = {
						CreatedOnToolsVersion = 10.0;
						SystemCapabilities = {
							com.apple.BackgroundModes = {
								enabled = 1;
							};
							com.apple.Maps.iOS = {
								enabled = 1;
							};
						};
					};
					70211E6D21758B9F00AB5164 = {
						CreatedOnToolsVersion = 10.0;
						TestTargetID = 70211E5621758B9E00AB5164;
					};
				};
			};
			buildConfigurationList = 70211E5221758B9E00AB5164 /* Build configuration list for PBXProject "you" */;
			compatibilityVersion = "Xcode 9.3";
			developmentRegion = en;
			hasScannedForEncodings = 0;
			knownRegions = (
				en,
				Base,
			);
			mainGroup = 70211E4E21758B9E00AB5164;
			productRefGroup = 70211E5821758B9E00AB5164 /* Products */;
			projectDirPath = "";
			projectRoot = "";
			targets = (
				70211E5621758B9E00AB5164 /* you */,
				70211E6D21758B9F00AB5164 /* youTests */,
			);
		};
/* End PBXProject section */

/* Begin PBXResourcesBuildPhase section */
		70211E5521758B9E00AB5164 /* Resources */ = {
			isa = PBXResourcesBuildPhase;
			buildActionMask = 2147483647;
			files = (
				70211E6821758B9F00AB5164 /* LaunchScreen.storyboard in Resources */,
				70211E7E2175907800AB5164 /* GoogleService-Info.plist in Resources */,
				70211E6521758B9F00AB5164 /* Assets.xcassets in Resources */,
				706C4E672179180E00F627DC /* SendingStatusCollectionViewCell.xib in Resources */,
				70211E822175939F00AB5164 /* Login.storyboard in Resources */,
				70211E6021758B9E00AB5164 /* Main.storyboard in Resources */,
			);
			runOnlyForDeploymentPostprocessing = 0;
		};
		70211E6C21758B9F00AB5164 /* Resources */ = {
			isa = PBXResourcesBuildPhase;
			buildActionMask = 2147483647;
			files = (
			);
			runOnlyForDeploymentPostprocessing = 0;
		};
/* End PBXResourcesBuildPhase section */

/* Begin PBXShellScriptBuildPhase section */
		7A796689BA73365C15CCB3EC /* [CP] Check Pods Manifest.lock */ = {
			isa = PBXShellScriptBuildPhase;
			buildActionMask = 2147483647;
			files = (
			);
			inputPaths = (
				"${PODS_PODFILE_DIR_PATH}/Podfile.lock",
				"${PODS_ROOT}/Manifest.lock",
			);
			name = "[CP] Check Pods Manifest.lock";
			outputPaths = (
				"$(DERIVED_FILE_DIR)/Pods-you-checkManifestLockResult.txt",
			);
			runOnlyForDeploymentPostprocessing = 0;
			shellPath = /bin/sh;
			shellScript = "diff \"${PODS_PODFILE_DIR_PATH}/Podfile.lock\" \"${PODS_ROOT}/Manifest.lock\" > /dev/null\nif [ $? != 0 ] ; then\n    # print error to STDERR\n    echo \"error: The sandbox is not in sync with the Podfile.lock. Run 'pod install' or update your CocoaPods installation.\" >&2\n    exit 1\nfi\n# This output is used by Xcode 'outputs' to avoid re-running this script phase.\necho \"SUCCESS\" > \"${SCRIPT_OUTPUT_FILE_0}\"\n";
			showEnvVarsInLog = 0;
		};
		B07FDA2781BDD9997A89B0D7 /* [CP] Check Pods Manifest.lock */ = {
			isa = PBXShellScriptBuildPhase;
			buildActionMask = 2147483647;
			files = (
			);
			inputPaths = (
				"${PODS_PODFILE_DIR_PATH}/Podfile.lock",
				"${PODS_ROOT}/Manifest.lock",
			);
			name = "[CP] Check Pods Manifest.lock";
			outputPaths = (
				"$(DERIVED_FILE_DIR)/Pods-youTests-checkManifestLockResult.txt",
			);
			runOnlyForDeploymentPostprocessing = 0;
			shellPath = /bin/sh;
			shellScript = "diff \"${PODS_PODFILE_DIR_PATH}/Podfile.lock\" \"${PODS_ROOT}/Manifest.lock\" > /dev/null\nif [ $? != 0 ] ; then\n    # print error to STDERR\n    echo \"error: The sandbox is not in sync with the Podfile.lock. Run 'pod install' or update your CocoaPods installation.\" >&2\n    exit 1\nfi\n# This output is used by Xcode 'outputs' to avoid re-running this script phase.\necho \"SUCCESS\" > \"${SCRIPT_OUTPUT_FILE_0}\"\n";
			showEnvVarsInLog = 0;
		};
		BB173C97FD905D9A79AF0B49 /* [CP] Embed Pods Frameworks */ = {
			isa = PBXShellScriptBuildPhase;
			buildActionMask = 2147483647;
			files = (
			);
			inputPaths = (
				"${SRCROOT}/Pods/Target Support Files/Pods-you/Pods-you-frameworks.sh",
				"${BUILT_PRODUCTS_DIR}/Alamofire/Alamofire.framework",
				"${BUILT_PRODUCTS_DIR}/BubbleTransition/BubbleTransition.framework",
				"${BUILT_PRODUCTS_DIR}/Chatto/Chatto.framework",
				"${BUILT_PRODUCTS_DIR}/ChattoAdditions/ChattoAdditions.framework",
				"${BUILT_PRODUCTS_DIR}/CoreStore/CoreStore.framework",
				"${BUILT_PRODUCTS_DIR}/CropViewController/CropViewController.framework",
				"${BUILT_PRODUCTS_DIR}/GTMSessionFetcher/GTMSessionFetcher.framework",
				"${BUILT_PRODUCTS_DIR}/GoogleToolboxForMac/GoogleToolboxForMac.framework",
				"${BUILT_PRODUCTS_DIR}/Protobuf/Protobuf.framework",
				"${BUILT_PRODUCTS_DIR}/SwiftLocation/SwiftLocation.framework",
				"${BUILT_PRODUCTS_DIR}/SwiftyJSON/SwiftyJSON.framework",
				"${BUILT_PRODUCTS_DIR}/leveldb-library/leveldb.framework",
				"${BUILT_PRODUCTS_DIR}/nanopb/nanopb.framework",
			);
			name = "[CP] Embed Pods Frameworks";
			outputPaths = (
				"${TARGET_BUILD_DIR}/${FRAMEWORKS_FOLDER_PATH}/Alamofire.framework",
				"${TARGET_BUILD_DIR}/${FRAMEWORKS_FOLDER_PATH}/BubbleTransition.framework",
				"${TARGET_BUILD_DIR}/${FRAMEWORKS_FOLDER_PATH}/Chatto.framework",
				"${TARGET_BUILD_DIR}/${FRAMEWORKS_FOLDER_PATH}/ChattoAdditions.framework",
				"${TARGET_BUILD_DIR}/${FRAMEWORKS_FOLDER_PATH}/CoreStore.framework",
				"${TARGET_BUILD_DIR}/${FRAMEWORKS_FOLDER_PATH}/CropViewController.framework",
				"${TARGET_BUILD_DIR}/${FRAMEWORKS_FOLDER_PATH}/GTMSessionFetcher.framework",
				"${TARGET_BUILD_DIR}/${FRAMEWORKS_FOLDER_PATH}/GoogleToolboxForMac.framework",
				"${TARGET_BUILD_DIR}/${FRAMEWORKS_FOLDER_PATH}/Protobuf.framework",
				"${TARGET_BUILD_DIR}/${FRAMEWORKS_FOLDER_PATH}/SwiftLocation.framework",
				"${TARGET_BUILD_DIR}/${FRAMEWORKS_FOLDER_PATH}/SwiftyJSON.framework",
				"${TARGET_BUILD_DIR}/${FRAMEWORKS_FOLDER_PATH}/leveldb.framework",
				"${TARGET_BUILD_DIR}/${FRAMEWORKS_FOLDER_PATH}/nanopb.framework",
			);
			runOnlyForDeploymentPostprocessing = 0;
			shellPath = /bin/sh;
			shellScript = "\"${SRCROOT}/Pods/Target Support Files/Pods-you/Pods-you-frameworks.sh\"\n";
			showEnvVarsInLog = 0;
		};
/* End PBXShellScriptBuildPhase section */

/* Begin PBXSourcesBuildPhase section */
		70211E5321758B9E00AB5164 /* Sources */ = {
			isa = PBXSourcesBuildPhase;
			buildActionMask = 2147483647;
			files = (
				70C081B4217DA9B600799D12 /* Test+CoreDataClass.swift in Sources */,
				70C081B1217DA5D600799D12 /* ChatLogController.swift in Sources */,
				706C4E182178464300F627DC /* SavedCollectionViewCell.swift in Sources */,
				706C4E722179183500F627DC /* TimeSeparatorCollectionViewCell.swift in Sources */,
				706C4E3F2179165900F627DC /* AddRandomMessageChatViewController.swift in Sources */,
				706C4E4E217916CC00F627DC /* CellsViewController.swift in Sources */,
				706C4E0D21782B3F00F627DC /* ConsultantTableViewCell.swift in Sources */,
				706C4E062177901600F627DC /* ExploreBaseViewController.swift in Sources */,
				706C4E7A217A69CE00F627DC /* ProfileViewController.swift in Sources */,
				706C4E6D2179181700F627DC /* DemoTextMessageModel.swift in Sources */,
				70C081A2217DA1C400799D12 /* UserCell.swift in Sources */,
				70C081A6217DA25700799D12 /* Message+CoreDataClass.swift in Sources */,
				707B3E1A217A85A700355C9F /* User+CoreDataClass.swift in Sources */,
				706C4E682179180E00F627DC /* SendingStatusPresenter.swift in Sources */,
				703193942175AD5D00BB1E74 /* UIViewController+extension.swift in Sources */,
				70211E8C21759FE700AB5164 /* CreateAccountViewController.swift in Sources */,
				706C4E81217A7B3700F627DC /* Static.swift in Sources */,
				706C4E3E2179165900F627DC /* DemoChatDataSource.swift in Sources */,
				70211E902175A01300AB5164 /* EmailPasswordViewController.swift in Sources */,
				706C4E742179183500F627DC /* TimeSeparatorModel.swift in Sources */,
				707B3E1B217A85A700355C9F /* User+CoreDataProperties.swift in Sources */,
				706C4E7D217A6A7600F627DC /* ProfileImageTableViewCell.swift in Sources */,
				706C4E6C2179181700F627DC /* DemoTextMessageViewModel.swift in Sources */,
				706C4E0B21781BE800F627DC /* ListenerTableViewCell.swift in Sources */,
				706C4E412179165900F627DC /* DemoChatMessageFactory.swift in Sources */,
				706C4E13217840F500F627DC /* SavedViewController.swift in Sources */,
				70C081A3217DA1C400799D12 /* ChatInputContainerView.swift in Sources */,
				70C08199217BC67300799D12 /* UIImageView+extension.swift in Sources */,
				70211E8A21759C2A00AB5164 /* ProgressIndicator.swift in Sources */,
				7031938E2175ACC500BB1E74 /* CreateAccountBaseViewController.swift in Sources */,
				70C081A7217DA25700799D12 /* Message+CoreDataProperties.swift in Sources */,
				70211E5D21758B9E00AB5164 /* BaseViewController.swift in Sources */,
				70211E942175AC3A00AB5164 /* UserInfoViewController.swift in Sources */,
				706C4E5B217917FA00F627DC /* BaseMessageCollectionViewCellAvatarStyle.swift in Sources */,
				706C4E022176F03900F627DC /* ExploreViewController.swift in Sources */,
				70211E922175A02500AB5164 /* LoginViewController.swift in Sources */,
				70211E8E21759FFB00AB5164 /* EnableNotificationLocationViewController.swift in Sources */,
				706C4E662179180E00F627DC /* SendingStatusCollectionViewCell.swift in Sources */,
				706C4E4C217916CC00F627DC /* ChatExamplesViewController.swift in Sources */,
				70C081A1217DA1C400799D12 /* ChatMessageCell.swift in Sources */,
				706C4E3B2179165900F627DC /* DemoChatMessageSender.swift in Sources */,
				703193922175AD2F00BB1E74 /* String+extension.swift in Sources */,
				703193982175C8A200BB1E74 /* UITextField+extension.swift in Sources */,
				70C08197217BB7C700799D12 /* DateTimeManager.swift in Sources */,
				706C4E3D2179165900F627DC /* MessagesSelectionChatViewController.swift in Sources */,
				703193902175AD0C00BB1E74 /* UIColor+extension.swift in Sources */,
				706C4E622179180400F627DC /* DemoPhotoMessageViewModel.swift in Sources */,
				706C4E732179183500F627DC /* TimeSeparatorPresenter.swift in Sources */,
				703193962175AD8200BB1E74 /* UIImage+extension.swift in Sources */,
				706C4E4F217916CC00F627DC /* MessagesSelectorProtocol.swift in Sources */,
				707B3E1D217ACE1200355C9F /* LogOutTableViewCell.swift in Sources */,
				706C4E4B217916CC00F627DC /* BaseMessagesSelector.swift in Sources */,
				7031939A2176D3CE00BB1E74 /* DTTextField.swift in Sources */,
				706C4E0421778DD200F627DC /* LookForViewController.swift in Sources */,
				706C4E602179180400F627DC /* DemoPhotoMessageModel.swift in Sources */,
				706C4E6E2179181700F627DC /* DemoTextMessageHandler.swift in Sources */,
				70211E6321758B9E00AB5164 /* you.xcdatamodeld in Sources */,
				706C4E612179180400F627DC /* DemoPhotoMessageHandler.swift in Sources */,
				70CAE7EA217E5C68009CB41A /* SuperUser+CoreDataClass.swift in Sources */,
				70C081AB217DA33D00799D12 /* NewMessageController.swift in Sources */,
				706C4E1021783BFC00F627DC /* APIManager.swift in Sources */,
				706C4E402179165900F627DC /* DemoChatViewController.swift in Sources */,
				70CAE7ED217FA560009CB41A /* ForgotPasswordViewController.swift in Sources */,
				70211E5B21758B9E00AB5164 /* AppDelegate.swift in Sources */,
				706C4E4D217916CC00F627DC /* SlidingDatasSource.swift in Sources */,
				70C081AE217DA47B00799D12 /* Friend+CoreDataClass.swift in Sources */,
				706C4E7F217A6ADB00F627DC /* ProfileInfoTableViewCell.swift in Sources */,
				70CAE7EB217E5C68009CB41A /* SuperUser+CoreDataProperties.swift in Sources */,
				70C081AF217DA47B00799D12 /* Friend+CoreDataProperties.swift in Sources */,
				706C4E3C2179165900F627DC /* DemoChatItemsDecorator.swift in Sources */,
				706C4E77217A697700F627DC /* AppointmentViewController.swift in Sources */,
				70C081AA217DA33D00799D12 /* MessagesController.swift in Sources */,
				706C4E4A217916CC00F627DC /* ChatWithTabBarExamplesViewController.swift in Sources */,
				706C4E162178462F00F627DC /* SavedTableViewCell.swift in Sources */,
				70C081B7217DB02200799D12 /* MessageNavigationController.swift in Sources */,
				706C4E082177C2AC00F627DC /* BubbleInteractiveTransition.swift in Sources */,
				70CAE7EF21801E49009CB41A /* LookForDetailViewController.swift in Sources */,
				706C4E5C217917FA00F627DC /* BaseMessageHandler.swift in Sources */,
				70C081B5217DA9B600799D12 /* Test+CoreDataProperties.swift in Sources */,
			);
			runOnlyForDeploymentPostprocessing = 0;
		};
		70211E6A21758B9F00AB5164 /* Sources */ = {
			isa = PBXSourcesBuildPhase;
			buildActionMask = 2147483647;
			files = (
				70211E7321758B9F00AB5164 /* youTests.swift in Sources */,
			);
			runOnlyForDeploymentPostprocessing = 0;
		};
/* End PBXSourcesBuildPhase section */

/* Begin PBXTargetDependency section */
		70211E7021758B9F00AB5164 /* PBXTargetDependency */ = {
			isa = PBXTargetDependency;
			target = 70211E5621758B9E00AB5164 /* you */;
			targetProxy = 70211E6F21758B9F00AB5164 /* PBXContainerItemProxy */;
		};
/* End PBXTargetDependency section */

/* Begin PBXVariantGroup section */
		70211E5E21758B9E00AB5164 /* Main.storyboard */ = {
			isa = PBXVariantGroup;
			children = (
				70211E5F21758B9E00AB5164 /* Base */,
			);
			name = Main.storyboard;
			sourceTree = "<group>";
		};
		70211E6621758B9F00AB5164 /* LaunchScreen.storyboard */ = {
			isa = PBXVariantGroup;
			children = (
				70211E6721758B9F00AB5164 /* Base */,
			);
			name = LaunchScreen.storyboard;
			sourceTree = "<group>";
		};
/* End PBXVariantGroup section */

/* Begin XCBuildConfiguration section */
		70211E7521758B9F00AB5164 /* Debug */ = {
			isa = XCBuildConfiguration;
			buildSettings = {
				ALWAYS_SEARCH_USER_PATHS = NO;
				CLANG_ANALYZER_NONNULL = YES;
				CLANG_ANALYZER_NUMBER_OBJECT_CONVERSION = YES_AGGRESSIVE;
				CLANG_CXX_LANGUAGE_STANDARD = "gnu++14";
				CLANG_CXX_LIBRARY = "libc++";
				CLANG_ENABLE_MODULES = YES;
				CLANG_ENABLE_OBJC_ARC = YES;
				CLANG_ENABLE_OBJC_WEAK = YES;
				CLANG_WARN_BLOCK_CAPTURE_AUTORELEASING = YES;
				CLANG_WARN_BOOL_CONVERSION = YES;
				CLANG_WARN_COMMA = YES;
				CLANG_WARN_CONSTANT_CONVERSION = YES;
				CLANG_WARN_DEPRECATED_OBJC_IMPLEMENTATIONS = YES;
				CLANG_WARN_DIRECT_OBJC_ISA_USAGE = YES_ERROR;
				CLANG_WARN_DOCUMENTATION_COMMENTS = YES;
				CLANG_WARN_EMPTY_BODY = YES;
				CLANG_WARN_ENUM_CONVERSION = YES;
				CLANG_WARN_INFINITE_RECURSION = YES;
				CLANG_WARN_INT_CONVERSION = YES;
				CLANG_WARN_NON_LITERAL_NULL_CONVERSION = YES;
				CLANG_WARN_OBJC_IMPLICIT_RETAIN_SELF = YES;
				CLANG_WARN_OBJC_LITERAL_CONVERSION = YES;
				CLANG_WARN_OBJC_ROOT_CLASS = YES_ERROR;
				CLANG_WARN_RANGE_LOOP_ANALYSIS = YES;
				CLANG_WARN_STRICT_PROTOTYPES = YES;
				CLANG_WARN_SUSPICIOUS_MOVE = YES;
				CLANG_WARN_UNGUARDED_AVAILABILITY = YES_AGGRESSIVE;
				CLANG_WARN_UNREACHABLE_CODE = YES;
				CLANG_WARN__DUPLICATE_METHOD_MATCH = YES;
				CODE_SIGN_IDENTITY = "iPhone Developer";
				COPY_PHASE_STRIP = NO;
				DEBUG_INFORMATION_FORMAT = dwarf;
				ENABLE_STRICT_OBJC_MSGSEND = YES;
				ENABLE_TESTABILITY = YES;
				GCC_C_LANGUAGE_STANDARD = gnu11;
				GCC_DYNAMIC_NO_PIC = NO;
				GCC_NO_COMMON_BLOCKS = YES;
				GCC_OPTIMIZATION_LEVEL = 0;
				GCC_PREPROCESSOR_DEFINITIONS = (
					"DEBUG=1",
					"$(inherited)",
				);
				GCC_WARN_64_TO_32_BIT_CONVERSION = YES;
				GCC_WARN_ABOUT_RETURN_TYPE = YES_ERROR;
				GCC_WARN_UNDECLARED_SELECTOR = YES;
				GCC_WARN_UNINITIALIZED_AUTOS = YES_AGGRESSIVE;
				GCC_WARN_UNUSED_FUNCTION = YES;
				GCC_WARN_UNUSED_VARIABLE = YES;
				IPHONEOS_DEPLOYMENT_TARGET = 12.0;
				MTL_ENABLE_DEBUG_INFO = INCLUDE_SOURCE;
				MTL_FAST_MATH = YES;
				ONLY_ACTIVE_ARCH = YES;
				SDKROOT = iphoneos;
				SWIFT_ACTIVE_COMPILATION_CONDITIONS = DEBUG;
				SWIFT_OPTIMIZATION_LEVEL = "-Onone";
			};
			name = Debug;
		};
		70211E7621758B9F00AB5164 /* Release */ = {
			isa = XCBuildConfiguration;
			buildSettings = {
				ALWAYS_SEARCH_USER_PATHS = NO;
				CLANG_ANALYZER_NONNULL = YES;
				CLANG_ANALYZER_NUMBER_OBJECT_CONVERSION = YES_AGGRESSIVE;
				CLANG_CXX_LANGUAGE_STANDARD = "gnu++14";
				CLANG_CXX_LIBRARY = "libc++";
				CLANG_ENABLE_MODULES = YES;
				CLANG_ENABLE_OBJC_ARC = YES;
				CLANG_ENABLE_OBJC_WEAK = YES;
				CLANG_WARN_BLOCK_CAPTURE_AUTORELEASING = YES;
				CLANG_WARN_BOOL_CONVERSION = YES;
				CLANG_WARN_COMMA = YES;
				CLANG_WARN_CONSTANT_CONVERSION = YES;
				CLANG_WARN_DEPRECATED_OBJC_IMPLEMENTATIONS = YES;
				CLANG_WARN_DIRECT_OBJC_ISA_USAGE = YES_ERROR;
				CLANG_WARN_DOCUMENTATION_COMMENTS = YES;
				CLANG_WARN_EMPTY_BODY = YES;
				CLANG_WARN_ENUM_CONVERSION = YES;
				CLANG_WARN_INFINITE_RECURSION = YES;
				CLANG_WARN_INT_CONVERSION = YES;
				CLANG_WARN_NON_LITERAL_NULL_CONVERSION = YES;
				CLANG_WARN_OBJC_IMPLICIT_RETAIN_SELF = YES;
				CLANG_WARN_OBJC_LITERAL_CONVERSION = YES;
				CLANG_WARN_OBJC_ROOT_CLASS = YES_ERROR;
				CLANG_WARN_RANGE_LOOP_ANALYSIS = YES;
				CLANG_WARN_STRICT_PROTOTYPES = YES;
				CLANG_WARN_SUSPICIOUS_MOVE = YES;
				CLANG_WARN_UNGUARDED_AVAILABILITY = YES_AGGRESSIVE;
				CLANG_WARN_UNREACHABLE_CODE = YES;
				CLANG_WARN__DUPLICATE_METHOD_MATCH = YES;
				CODE_SIGN_IDENTITY = "iPhone Developer";
				COPY_PHASE_STRIP = NO;
				DEBUG_INFORMATION_FORMAT = "dwarf-with-dsym";
				ENABLE_NS_ASSERTIONS = NO;
				ENABLE_STRICT_OBJC_MSGSEND = YES;
				GCC_C_LANGUAGE_STANDARD = gnu11;
				GCC_NO_COMMON_BLOCKS = YES;
				GCC_WARN_64_TO_32_BIT_CONVERSION = YES;
				GCC_WARN_ABOUT_RETURN_TYPE = YES_ERROR;
				GCC_WARN_UNDECLARED_SELECTOR = YES;
				GCC_WARN_UNINITIALIZED_AUTOS = YES_AGGRESSIVE;
				GCC_WARN_UNUSED_FUNCTION = YES;
				GCC_WARN_UNUSED_VARIABLE = YES;
				IPHONEOS_DEPLOYMENT_TARGET = 12.0;
				MTL_ENABLE_DEBUG_INFO = NO;
				MTL_FAST_MATH = YES;
				SDKROOT = iphoneos;
				SWIFT_COMPILATION_MODE = wholemodule;
				SWIFT_OPTIMIZATION_LEVEL = "-O";
				VALIDATE_PRODUCT = YES;
			};
			name = Release;
		};
		70211E7821758B9F00AB5164 /* Debug */ = {
			isa = XCBuildConfiguration;
			baseConfigurationReference = BF258DBA5B30A030D22E9039 /* Pods-you.debug.xcconfig */;
			buildSettings = {
				ASSETCATALOG_COMPILER_APPICON_NAME = AppIcon;
				CODE_SIGN_STYLE = Automatic;
				DEVELOPMENT_TEAM = 6T663Q4J9K;
				INFOPLIST_FILE = you/Info.plist;
				IPHONEOS_DEPLOYMENT_TARGET = 10.0;
				LD_RUNPATH_SEARCH_PATHS = (
					"$(inherited)",
					"@executable_path/Frameworks",
				);
				PRODUCT_BUNDLE_IDENTIFIER = jzhou.you.you;
				PRODUCT_NAME = "$(TARGET_NAME)";
				SWIFT_VERSION = 4.2;
				TARGETED_DEVICE_FAMILY = "1,2";
			};
			name = Debug;
		};
		70211E7921758B9F00AB5164 /* Release */ = {
			isa = XCBuildConfiguration;
			baseConfigurationReference = 60944FF729C54466B0FFBF86 /* Pods-you.release.xcconfig */;
			buildSettings = {
				ASSETCATALOG_COMPILER_APPICON_NAME = AppIcon;
				CODE_SIGN_STYLE = Automatic;
				DEVELOPMENT_TEAM = 6T663Q4J9K;
				INFOPLIST_FILE = you/Info.plist;
				IPHONEOS_DEPLOYMENT_TARGET = 10.0;
				LD_RUNPATH_SEARCH_PATHS = (
					"$(inherited)",
					"@executable_path/Frameworks",
				);
				PRODUCT_BUNDLE_IDENTIFIER = jzhou.you.you;
				PRODUCT_NAME = "$(TARGET_NAME)";
				SWIFT_VERSION = 4.2;
				TARGETED_DEVICE_FAMILY = "1,2";
			};
			name = Release;
		};
		70211E7B21758B9F00AB5164 /* Debug */ = {
			isa = XCBuildConfiguration;
			baseConfigurationReference = 67C85267EBE663A0CEA08F29 /* Pods-youTests.debug.xcconfig */;
			buildSettings = {
				ALWAYS_EMBED_SWIFT_STANDARD_LIBRARIES = YES;
				BUNDLE_LOADER = "$(TEST_HOST)";
				CODE_SIGN_STYLE = Automatic;
				DEVELOPMENT_TEAM = 6T663Q4J9K;
				INFOPLIST_FILE = youTests/Info.plist;
				LD_RUNPATH_SEARCH_PATHS = (
					"$(inherited)",
					"@executable_path/Frameworks",
					"@loader_path/Frameworks",
				);
				PRODUCT_BUNDLE_IDENTIFIER = jzhou.youTests;
				PRODUCT_NAME = "$(TARGET_NAME)";
				SWIFT_VERSION = 4.2;
				TARGETED_DEVICE_FAMILY = "1,2";
				TEST_HOST = "$(BUILT_PRODUCTS_DIR)/you.app/you";
			};
			name = Debug;
		};
		70211E7C21758B9F00AB5164 /* Release */ = {
			isa = XCBuildConfiguration;
			baseConfigurationReference = 723FCC6327E0C4DED3F08460 /* Pods-youTests.release.xcconfig */;
			buildSettings = {
				ALWAYS_EMBED_SWIFT_STANDARD_LIBRARIES = YES;
				BUNDLE_LOADER = "$(TEST_HOST)";
				CODE_SIGN_STYLE = Automatic;
				DEVELOPMENT_TEAM = 6T663Q4J9K;
				INFOPLIST_FILE = youTests/Info.plist;
				LD_RUNPATH_SEARCH_PATHS = (
					"$(inherited)",
					"@executable_path/Frameworks",
					"@loader_path/Frameworks",
				);
				PRODUCT_BUNDLE_IDENTIFIER = jzhou.youTests;
				PRODUCT_NAME = "$(TARGET_NAME)";
				SWIFT_VERSION = 4.2;
				TARGETED_DEVICE_FAMILY = "1,2";
				TEST_HOST = "$(BUILT_PRODUCTS_DIR)/you.app/you";
			};
			name = Release;
		};
/* End XCBuildConfiguration section */

/* Begin XCConfigurationList section */
		70211E5221758B9E00AB5164 /* Build configuration list for PBXProject "you" */ = {
			isa = XCConfigurationList;
			buildConfigurations = (
				70211E7521758B9F00AB5164 /* Debug */,
				70211E7621758B9F00AB5164 /* Release */,
			);
			defaultConfigurationIsVisible = 0;
			defaultConfigurationName = Release;
		};
		70211E7721758B9F00AB5164 /* Build configuration list for PBXNativeTarget "you" */ = {
			isa = XCConfigurationList;
			buildConfigurations = (
				70211E7821758B9F00AB5164 /* Debug */,
				70211E7921758B9F00AB5164 /* Release */,
			);
			defaultConfigurationIsVisible = 0;
			defaultConfigurationName = Release;
		};
		70211E7A21758B9F00AB5164 /* Build configuration list for PBXNativeTarget "youTests" */ = {
			isa = XCConfigurationList;
			buildConfigurations = (
				70211E7B21758B9F00AB5164 /* Debug */,
				70211E7C21758B9F00AB5164 /* Release */,
			);
			defaultConfigurationIsVisible = 0;
			defaultConfigurationName = Release;
		};
/* End XCConfigurationList section */

/* Begin XCVersionGroup section */
		70211E6121758B9E00AB5164 /* you.xcdatamodeld */ = {
			isa = XCVersionGroup;
			children = (
				70211E6221758B9E00AB5164 /* you.xcdatamodel */,
			);
			currentVersion = 70211E6221758B9E00AB5164 /* you.xcdatamodel */;
			path = you.xcdatamodeld;
			sourceTree = "<group>";
			versionGroupType = wrapper.xcdatamodel;
		};
/* End XCVersionGroup section */
	};
	rootObject = 70211E4F21758B9E00AB5164 /* Project object */;
}
